// !$*UTF8*$!
{
	archiveVersion = 1;
	classes = {
	};
	objectVersion = 46;
	objects = {

/* Begin PBXBuildFile section */
		03052FFE1F6998C600A5CE0B /* BestWay.db in Resources */ = {isa = PBXBuildFile; fileRef = 03052FFD1F6998C600A5CE0B /* BestWay.db */; };
		032869151DC5F14A00B549A9 /* LaunchScreen.storyboard in Resources */ = {isa = PBXBuildFile; fileRef = 032869131DC5F14A00B549A9 /* LaunchScreen.storyboard */; };
		03FB92321DCEDFA700C417BE /* Assets.xcassets in Resources */ = {isa = PBXBuildFile; fileRef = 03FB92311DCEDFA700C417BE /* Assets.xcassets */; };
		13362E6B93D40C61E886E6E7 /* Pods_BestWay.framework in Frameworks */ = {isa = PBXBuildFile; fileRef = E00A6A4D849CD7EFE23A2FD6 /* Pods_BestWay.framework */; };
		EE4FED1E1F67B249009F6F63 /* libsqlite3.0.tbd in Frameworks */ = {isa = PBXBuildFile; fileRef = EE45582C1F38BBCE00CD0F83 /* libsqlite3.0.tbd */; };
		EE70B4B41FBEACAA00631C14 /* BWAddReportEvidenceViewController.swift in Sources */ = {isa = PBXBuildFile; fileRef = EE70B4811FBEACAA00631C14 /* BWAddReportEvidenceViewController.swift */; };
		EE70B4B51FBEACAA00631C14 /* BWAlbumImageCollectionViewController.swift in Sources */ = {isa = PBXBuildFile; fileRef = EE70B4821FBEACAA00631C14 /* BWAlbumImageCollectionViewController.swift */; };
		EE70B4B61FBEACAA00631C14 /* BWAlbumImagePickerTableViewController.swift in Sources */ = {isa = PBXBuildFile; fileRef = EE70B4831FBEACAA00631C14 /* BWAlbumImagePickerTableViewController.swift */; };
		EE70B4B71FBEACAA00631C14 /* BWImagePreviewViewController.swift in Sources */ = {isa = PBXBuildFile; fileRef = EE70B4841FBEACAA00631C14 /* BWImagePreviewViewController.swift */; };
		EE70B4B81FBEACAA00631C14 /* BWLoginViewController.swift in Sources */ = {isa = PBXBuildFile; fileRef = EE70B4851FBEACAA00631C14 /* BWLoginViewController.swift */; };
		EE70B4B91FBEACAA00631C14 /* BWReportTableViewController.swift in Sources */ = {isa = PBXBuildFile; fileRef = EE70B4861FBEACAA00631C14 /* BWReportTableViewController.swift */; };
		EE70B4BA1FBEACAA00631C14 /* BWSingleLostAndFoundViewController.swift in Sources */ = {isa = PBXBuildFile; fileRef = EE70B4871FBEACAA00631C14 /* BWSingleLostAndFoundViewController.swift */; };
		EE70B4BB1FBEACAA00631C14 /* BWUserViewController.swift in Sources */ = {isa = PBXBuildFile; fileRef = EE70B4881FBEACAA00631C14 /* BWUserViewController.swift */; };
		EE70B4BC1FBEACAA00631C14 /* BWMainViewController.swift in Sources */ = {isa = PBXBuildFile; fileRef = EE70B48A1FBEACAA00631C14 /* BWMainViewController.swift */; };
		EE70B4BD1FBEACAA00631C14 /* BWSearchResultViewController.swift in Sources */ = {isa = PBXBuildFile; fileRef = EE70B48B1FBEACAA00631C14 /* BWSearchResultViewController.swift */; };
		EE70B4BE1FBEACAA00631C14 /* BWSettingTableViewController.swift in Sources */ = {isa = PBXBuildFile; fileRef = EE70B48D1FBEACAA00631C14 /* BWSettingTableViewController.swift */; };
		EE70B4BF1FBEACAA00631C14 /* BWUserCenterTableViewController.swift in Sources */ = {isa = PBXBuildFile; fileRef = EE70B48E1FBEACAA00631C14 /* BWUserCenterTableViewController.swift */; };
		EE70B4C01FBEACAA00631C14 /* BWUserCenterViewController.swift in Sources */ = {isa = PBXBuildFile; fileRef = EE70B48F1FBEACAA00631C14 /* BWUserCenterViewController.swift */; };
		EE70B4C11FBEACAA00631C14 /* BWConversationViewController.swift in Sources */ = {isa = PBXBuildFile; fileRef = EE70B4911FBEACAA00631C14 /* BWConversationViewController.swift */; };
		EE70B4C21FBEACAA00631C14 /* BWMessageListViewController.swift in Sources */ = {isa = PBXBuildFile; fileRef = EE70B4921FBEACAA00631C14 /* BWMessageListViewController.swift */; };
		EE70B4C31FBEACAA00631C14 /* BWAttendanceViewController.swift in Sources */ = {isa = PBXBuildFile; fileRef = EE70B4951FBEACAA00631C14 /* BWAttendanceViewController.swift */; };
		EE70B4C41FBEACAA00631C14 /* BWBannerWebViewController.swift in Sources */ = {isa = PBXBuildFile; fileRef = EE70B4961FBEACAA00631C14 /* BWBannerWebViewController.swift */; };
		EE70B4C51FBEACAA00631C14 /* BWSquareTableViewController.swift in Sources */ = {isa = PBXBuildFile; fileRef = EE70B4971FBEACAA00631C14 /* BWSquareTableViewController.swift */; };
		EE70B4C61FBEACAA00631C14 /* BWCalendarViewController.swift in Sources */ = {isa = PBXBuildFile; fileRef = EE70B4991FBEACAA00631C14 /* BWCalendarViewController.swift */; };
		EE70B4C71FBEACAA00631C14 /* BWCourseDetailsViewController.swift in Sources */ = {isa = PBXBuildFile; fileRef = EE70B49B1FBEACAA00631C14 /* BWCourseDetailsViewController.swift */; };
		EE70B4C81FBEACAA00631C14 /* BWTimetableViewController.swift in Sources */ = {isa = PBXBuildFile; fileRef = EE70B49C1FBEACAA00631C14 /* BWTimetableViewController.swift */; };
		EE70B4C91FBEACAA00631C14 /* BWElectricityViewController.swift in Sources */ = {isa = PBXBuildFile; fileRef = EE70B49E1FBEACAA00631C14 /* BWElectricityViewController.swift */; };
		EE70B4CA1FBEACAA00631C14 /* BWExaminationSearchingViewController.swift in Sources */ = {isa = PBXBuildFile; fileRef = EE70B4A01FBEACAA00631C14 /* BWExaminationSearchingViewController.swift */; };
		EE70B4CB1FBEACAA00631C14 /* BWExpressInfoTableViewController.swift in Sources */ = {isa = PBXBuildFile; fileRef = EE70B4A21FBEACAA00631C14 /* BWExpressInfoTableViewController.swift */; };
		EE70B4CC1FBEACAA00631C14 /* BWExpressViewController.swift in Sources */ = {isa = PBXBuildFile; fileRef = EE70B4A31FBEACAA00631C14 /* BWExpressViewController.swift */; };
		EE70B4CD1FBEACAA00631C14 /* BWAddFleaMarketViewController.swift in Sources */ = {isa = PBXBuildFile; fileRef = EE70B4A51FBEACAA00631C14 /* BWAddFleaMarketViewController.swift */; };
		EE70B4CE1FBEACAA00631C14 /* BWFleaMarketInfoViewController.swift in Sources */ = {isa = PBXBuildFile; fileRef = EE70B4A61FBEACAA00631C14 /* BWFleaMarketInfoViewController.swift */; };
		EE70B4CF1FBEACAA00631C14 /* BWFleaMarketViewController.swift in Sources */ = {isa = PBXBuildFile; fileRef = EE70B4A71FBEACAA00631C14 /* BWFleaMarketViewController.swift */; };
		EE70B4D01FBEACAA00631C14 /* BWGradeExaminationViewController.swift in Sources */ = {isa = PBXBuildFile; fileRef = EE70B4A91FBEACAA00631C14 /* BWGradeExaminationViewController.swift */; };
		EE70B4D11FBEACAA00631C14 /* BWLibraryViewController.swift in Sources */ = {isa = PBXBuildFile; fileRef = EE70B4AB1FBEACAA00631C14 /* BWLibraryViewController.swift */; };
		EE70B4D21FBEACAA00631C14 /* BWAddLostAndFoundInfoViewController.swift in Sources */ = {isa = PBXBuildFile; fileRef = EE70B4AD1FBEACAA00631C14 /* BWAddLostAndFoundInfoViewController.swift */; };
		EE70B4D31FBEACAA00631C14 /* BWLostAndFoundViewController.swift in Sources */ = {isa = PBXBuildFile; fileRef = EE70B4AE1FBEACAA00631C14 /* BWLostAndFoundViewController.swift */; };
		EE70B4D41FBEACAA00631C14 /* BWScoreSearchingViewController.swift in Sources */ = {isa = PBXBuildFile; fileRef = EE70B4B01FBEACAA00631C14 /* BWScoreSearchingViewController.swift */; };
		EE70B4D51FBEACAA00631C14 /* BWSituationAndPolicyDetailViewController.swift in Sources */ = {isa = PBXBuildFile; fileRef = EE70B4B21FBEACAA00631C14 /* BWSituationAndPolicyDetailViewController.swift */; };
		EE70B4D61FBEACAA00631C14 /* BWSituationAndPolicyViewController.swift in Sources */ = {isa = PBXBuildFile; fileRef = EE70B4B31FBEACAA00631C14 /* BWSituationAndPolicyViewController.swift */; };
		EE70B5211FBEACCB00631C14 /* BWDatabaseOperations.swift in Sources */ = {isa = PBXBuildFile; fileRef = EE70B4D81FBEACCA00631C14 /* BWDatabaseOperations.swift */; };
		EE70B5221FBEACCB00631C14 /* BWDateUtil.swift in Sources */ = {isa = PBXBuildFile; fileRef = EE70B4D91FBEACCA00631C14 /* BWDateUtil.swift */; };
		EE70B5231FBEACCB00631C14 /* BWImageUtil.swift in Sources */ = {isa = PBXBuildFile; fileRef = EE70B4DA1FBEACCA00631C14 /* BWImageUtil.swift */; };
		EE70B5241FBEACCB00631C14 /* BWRequestUtil.swift in Sources */ = {isa = PBXBuildFile; fileRef = EE70B4DB1FBEACCA00631C14 /* BWRequestUtil.swift */; };
		EE70B5251FBEACCB00631C14 /* UIAlertController+Custom.swift in Sources */ = {isa = PBXBuildFile; fileRef = EE70B4DC1FBEACCA00631C14 /* UIAlertController+Custom.swift */; };
		EE70B5261FBEACCB00631C14 /* UIColor+Custom.swift in Sources */ = {isa = PBXBuildFile; fileRef = EE70B4DD1FBEACCA00631C14 /* UIColor+Custom.swift */; };
		EE70B5271FBEACCB00631C14 /* UIImage+Custom.swift in Sources */ = {isa = PBXBuildFile; fileRef = EE70B4DE1FBEACCA00631C14 /* UIImage+Custom.swift */; };
		EE70B5281FBEACCB00631C14 /* BWStationAnnotation.swift in Sources */ = {isa = PBXBuildFile; fileRef = EE70B4E11FBEACCB00631C14 /* BWStationAnnotation.swift */; };
		EE70B5291FBEACCB00631C14 /* BWCourse.swift in Sources */ = {isa = PBXBuildFile; fileRef = EE70B4E21FBEACCB00631C14 /* BWCourse.swift */; };
		EE70B52A1FBEACCB00631C14 /* BWUser.swift in Sources */ = {isa = PBXBuildFile; fileRef = EE70B4E31FBEACCB00631C14 /* BWUser.swift */; };
		EE70B52B1FBEACCB00631C14 /* AppDelegate.swift in Sources */ = {isa = PBXBuildFile; fileRef = EE70B4E51FBEACCB00631C14 /* AppDelegate.swift */; };
		EE70B52C1FBEACCB00631C14 /* BWApiurl.swift in Sources */ = {isa = PBXBuildFile; fileRef = EE70B4E61FBEACCB00631C14 /* BWApiurl.swift */; };
		EE70B52D1FBEACCB00631C14 /* Info.plist in Resources */ = {isa = PBXBuildFile; fileRef = EE70B4E71FBEACCB00631C14 /* Info.plist */; };
		EE70B52E1FBEACCB00631C14 /* BWAlbumImagePicker.storyboard in Resources */ = {isa = PBXBuildFile; fileRef = EE70B4E91FBEACCB00631C14 /* BWAlbumImagePicker.storyboard */; };
		EE70B52F1FBEACCB00631C14 /* BWElectricityAlertView.swift in Sources */ = {isa = PBXBuildFile; fileRef = EE70B4EB1FBEACCB00631C14 /* BWElectricityAlertView.swift */; };
		EE70B5301FBEACCB00631C14 /* BWExpressAddAlertView.swift in Sources */ = {isa = PBXBuildFile; fileRef = EE70B4EC1FBEACCB00631C14 /* BWExpressAddAlertView.swift */; };
		EE70B5311FBEACCB00631C14 /* BWExpressHelpAlertView.swift in Sources */ = {isa = PBXBuildFile; fileRef = EE70B4ED1FBEACCB00631C14 /* BWExpressHelpAlertView.swift */; };
		EE70B5321FBEACCB00631C14 /* BWScoreStatisticsAlertView.swift in Sources */ = {isa = PBXBuildFile; fileRef = EE70B4EE1FBEACCB00631C14 /* BWScoreStatisticsAlertView.swift */; };
		EE70B5331FBEACCB00631C14 /* BWStationAnnotationView.swift in Sources */ = {isa = PBXBuildFile; fileRef = EE70B4F01FBEACCB00631C14 /* BWStationAnnotationView.swift */; };
		EE70B5341FBEACCB00631C14 /* BWBannerWebViewController.xib in Resources */ = {isa = PBXBuildFile; fileRef = EE70B4F11FBEACCB00631C14 /* BWBannerWebViewController.xib */; };
		EE70B5351FBEACCB00631C14 /* BWAlbumImageCompleteButton.swift in Sources */ = {isa = PBXBuildFile; fileRef = EE70B4F31FBEACCB00631C14 /* BWAlbumImageCompleteButton.swift */; };
		EE70B5361FBEACCB00631C14 /* BWStationCalloutView.swift in Sources */ = {isa = PBXBuildFile; fileRef = EE70B4F51FBEACCB00631C14 /* BWStationCalloutView.swift */; };
		EE70B5371FBEACCB00631C14 /* BWAddPhotoCollectionViewCell.swift in Sources */ = {isa = PBXBuildFile; fileRef = EE70B4F71FBEACCB00631C14 /* BWAddPhotoCollectionViewCell.swift */; };
		EE70B5381FBEACCB00631C14 /* BWAlbumImageCollectionViewCell.swift in Sources */ = {isa = PBXBuildFile; fileRef = EE70B4F81FBEACCB00631C14 /* BWAlbumImageCollectionViewCell.swift */; };
		EE70B5391FBEACCB00631C14 /* BWCurriculumCourseCollectionViewCell.swift in Sources */ = {isa = PBXBuildFile; fileRef = EE70B4F91FBEACCB00631C14 /* BWCurriculumCourseCollectionViewCell.swift */; };
		EE70B53A1FBEACCB00631C14 /* BWCurriculumCourseCollectionViewCell.xib in Resources */ = {isa = PBXBuildFile; fileRef = EE70B4FA1FBEACCB00631C14 /* BWCurriculumCourseCollectionViewCell.xib */; };
		EE70B53B1FBEACCB00631C14 /* BWCurriculumDateCollectionViewCell.swift in Sources */ = {isa = PBXBuildFile; fileRef = EE70B4FB1FBEACCB00631C14 /* BWCurriculumDateCollectionViewCell.swift */; };
		EE70B53C1FBEACCB00631C14 /* BWCurriculumDateCollectionViewCell.xib in Resources */ = {isa = PBXBuildFile; fileRef = EE70B4FC1FBEACCB00631C14 /* BWCurriculumDateCollectionViewCell.xib */; };
		EE70B53D1FBEACCB00631C14 /* BWFleaMarketCollectionViewCell.swift in Sources */ = {isa = PBXBuildFile; fileRef = EE70B4FD1FBEACCB00631C14 /* BWFleaMarketCollectionViewCell.swift */; };
		EE70B53E1FBEACCB00631C14 /* BWFleaMarketCollectionViewCell.xib in Resources */ = {isa = PBXBuildFile; fileRef = EE70B4FE1FBEACCB00631C14 /* BWFleaMarketCollectionViewCell.xib */; };
		EE70B53F1FBEACCB00631C14 /* BWImageCollectionViewCell.swift in Sources */ = {isa = PBXBuildFile; fileRef = EE70B4FF1FBEACCB00631C14 /* BWImageCollectionViewCell.swift */; };
		EE70B5401FBEACCB00631C14 /* BWImageCollectionViewCell.xib in Resources */ = {isa = PBXBuildFile; fileRef = EE70B5001FBEACCB00631C14 /* BWImageCollectionViewCell.xib */; };
		EE70B5411FBEACCB00631C14 /* BWImagePreviewCollectionViewCell.swift in Sources */ = {isa = PBXBuildFile; fileRef = EE70B5011FBEACCB00631C14 /* BWImagePreviewCollectionViewCell.swift */; };
		EE70B5421FBEACCB00631C14 /* BWDropBoxView.swift in Sources */ = {isa = PBXBuildFile; fileRef = EE70B5031FBEACCB00631C14 /* BWDropBoxView.swift */; };
		EE70B5431FBEACCB00631C14 /* BWExpressInfoTableViewController.xib in Resources */ = {isa = PBXBuildFile; fileRef = EE70B5041FBEACCB00631C14 /* BWExpressInfoTableViewController.xib */; };
		EE70B5441FBEACCB00631C14 /* BWPlaceholderTextView.swift in Sources */ = {isa = PBXBuildFile; fileRef = EE70B5051FBEACCB00631C14 /* BWPlaceholderTextView.swift */; };
		EE70B5451FBEACCB00631C14 /* BWSegmentControl.swift in Sources */ = {isa = PBXBuildFile; fileRef = EE70B5071FBEACCB00631C14 /* BWSegmentControl.swift */; };
		EE70B5461FBEACCB00631C14 /* BWSegmentPattern.swift in Sources */ = {isa = PBXBuildFile; fileRef = EE70B5081FBEACCB00631C14 /* BWSegmentPattern.swift */; };
		EE70B5471FBEACCB00631C14 /* BWAddPhotoTableViewCell.swift in Sources */ = {isa = PBXBuildFile; fileRef = EE70B50A1FBEACCB00631C14 /* BWAddPhotoTableViewCell.swift */; };
		EE70B5481FBEACCB00631C14 /* BWAlbumImagePickerTableViewCell.swift in Sources */ = {isa = PBXBuildFile; fileRef = EE70B50B1FBEACCB00631C14 /* BWAlbumImagePickerTableViewCell.swift */; };
		EE70B5491FBEACCB00631C14 /* BWCardTableViewCell.swift in Sources */ = {isa = PBXBuildFile; fileRef = EE70B50C1FBEACCB00631C14 /* BWCardTableViewCell.swift */; };
		EE70B54A1FBEACCB00631C14 /* BWCardTableViewCell.xib in Resources */ = {isa = PBXBuildFile; fileRef = EE70B50D1FBEACCB00631C14 /* BWCardTableViewCell.xib */; };
		EE70B54B1FBEACCB00631C14 /* BWExamTableViewCell.swift in Sources */ = {isa = PBXBuildFile; fileRef = EE70B50E1FBEACCB00631C14 /* BWExamTableViewCell.swift */; };
		EE70B54C1FBEACCB00631C14 /* BWExamTableViewCell.xib in Resources */ = {isa = PBXBuildFile; fileRef = EE70B50F1FBEACCB00631C14 /* BWExamTableViewCell.xib */; };
		EE70B54D1FBEACCB00631C14 /* BWFleaMarketInfoTableViewCell.swift in Sources */ = {isa = PBXBuildFile; fileRef = EE70B5101FBEACCB00631C14 /* BWFleaMarketInfoTableViewCell.swift */; };
		EE70B54E1FBEACCB00631C14 /* BWFleaMarketInfoTableViewCell.xib in Resources */ = {isa = PBXBuildFile; fileRef = EE70B5111FBEACCB00631C14 /* BWFleaMarketInfoTableViewCell.xib */; };
		EE70B54F1FBEACCB00631C14 /* BWGradeExaminationTableViewCell.swift in Sources */ = {isa = PBXBuildFile; fileRef = EE70B5121FBEACCB00631C14 /* BWGradeExaminationTableViewCell.swift */; };
		EE70B5501FBEACCB00631C14 /* BWGradeExaminationTableViewCell.xib in Resources */ = {isa = PBXBuildFile; fileRef = EE70B5131FBEACCB00631C14 /* BWGradeExaminationTableViewCell.xib */; };
		EE70B5511FBEACCB00631C14 /* BWIntroductionTableViewCell.swift in Sources */ = {isa = PBXBuildFile; fileRef = EE70B5141FBEACCB00631C14 /* BWIntroductionTableViewCell.swift */; };
		EE70B5521FBEACCB00631C14 /* BWIntroductionTableViewCell.xib in Resources */ = {isa = PBXBuildFile; fileRef = EE70B5151FBEACCB00631C14 /* BWIntroductionTableViewCell.xib */; };
		EE70B5531FBEACCB00631C14 /* BWLostAndFoundInfoTableViewCell.swift in Sources */ = {isa = PBXBuildFile; fileRef = EE70B5161FBEACCB00631C14 /* BWLostAndFoundInfoTableViewCell.swift */; };
		EE70B5541FBEACCB00631C14 /* BWLostAndFoundInfoTableViewCell.xib in Resources */ = {isa = PBXBuildFile; fileRef = EE70B5171FBEACCB00631C14 /* BWLostAndFoundInfoTableViewCell.xib */; };
		EE70B5551FBEACCB00631C14 /* BWScoreTableViewCell.swift in Sources */ = {isa = PBXBuildFile; fileRef = EE70B5181FBEACCB00631C14 /* BWScoreTableViewCell.swift */; };
		EE70B5561FBEACCB00631C14 /* BWScoreTableViewCell.xib in Resources */ = {isa = PBXBuildFile; fileRef = EE70B5191FBEACCB00631C14 /* BWScoreTableViewCell.xib */; };
		EE70B5571FBEACCB00631C14 /* BWSingleLostAndFoundTableViewCell.swift in Sources */ = {isa = PBXBuildFile; fileRef = EE70B51A1FBEACCB00631C14 /* BWSingleLostAndFoundTableViewCell.swift */; };
		EE70B5581FBEACCB00631C14 /* BWSingleLostAndFoundTableViewCell.xib in Resources */ = {isa = PBXBuildFile; fileRef = EE70B51B1FBEACCB00631C14 /* BWSingleLostAndFoundTableViewCell.xib */; };
		EE70B5591FBEACCB00631C14 /* BWSituationAndPolicyTableViewCell.swift in Sources */ = {isa = PBXBuildFile; fileRef = EE70B51C1FBEACCB00631C14 /* BWSituationAndPolicyTableViewCell.swift */; };
		EE70B55A1FBEACCB00631C14 /* BWSituationAndPolicyTableViewCell.xib in Resources */ = {isa = PBXBuildFile; fileRef = EE70B51D1FBEACCB00631C14 /* BWSituationAndPolicyTableViewCell.xib */; };
		EE70B55B1FBEACCB00631C14 /* BWTextFieldTableViewCell.swift in Sources */ = {isa = PBXBuildFile; fileRef = EE70B51E1FBEACCB00631C14 /* BWTextFieldTableViewCell.swift */; };
		EE70B55C1FBEACCB00631C14 /* BWTextViewTableViewCell.swift in Sources */ = {isa = PBXBuildFile; fileRef = EE70B51F1FBEACCB00631C14 /* BWTextViewTableViewCell.swift */; };
		EE70B55D1FBEACCB00631C14 /* Main.storyboard in Resources */ = {isa = PBXBuildFile; fileRef = EE70B5201FBEACCB00631C14 /* Main.storyboard */; };
/* End PBXBuildFile section */

/* Begin PBXFileReference section */
		03051AF71E0225E000F94515 /* BestWay.entitlements */ = {isa = PBXFileReference; lastKnownFileType = text.plist.entitlements; path = BestWay.entitlements; sourceTree = "<group>"; };
		03052FFD1F6998C600A5CE0B /* BestWay.db */ = {isa = PBXFileReference; lastKnownFileType = file; path = BestWay.db; sourceTree = "<group>"; };
		031B285A1DF2B4A70002B80D /* Photos.framework */ = {isa = PBXFileReference; lastKnownFileType = wrapper.framework; name = Photos.framework; path = System/Library/Frameworks/Photos.framework; sourceTree = SDKROOT; };
		032869071DC5F14A00B549A9 /* BestWay.app */ = {isa = PBXFileReference; explicitFileType = wrapper.application; includeInIndex = 0; path = BestWay.app; sourceTree = BUILT_PRODUCTS_DIR; };
		032869141DC5F14A00B549A9 /* Base */ = {isa = PBXFileReference; lastKnownFileType = file.storyboard; name = Base; path = Base.lproj/LaunchScreen.storyboard; sourceTree = "<group>"; };
		034BBC471E126FA800234CDB /* CFNetwork.framework */ = {isa = PBXFileReference; lastKnownFileType = wrapper.framework; name = CFNetwork.framework; path = System/Library/Frameworks/CFNetwork.framework; sourceTree = SDKROOT; };
		034BBC491E126FB200234CDB /* CoreFoundation.framework */ = {isa = PBXFileReference; lastKnownFileType = wrapper.framework; name = CoreFoundation.framework; path = System/Library/Frameworks/CoreFoundation.framework; sourceTree = SDKROOT; };
		034BBC4B1E126FBA00234CDB /* CoreTelephony.framework */ = {isa = PBXFileReference; lastKnownFileType = wrapper.framework; name = CoreTelephony.framework; path = System/Library/Frameworks/CoreTelephony.framework; sourceTree = SDKROOT; };
		034BBC4D1E126FC500234CDB /* SystemConfiguration.framework */ = {isa = PBXFileReference; lastKnownFileType = wrapper.framework; name = SystemConfiguration.framework; path = System/Library/Frameworks/SystemConfiguration.framework; sourceTree = SDKROOT; };
		034BBC4F1E126FCA00234CDB /* CoreGraphics.framework */ = {isa = PBXFileReference; lastKnownFileType = wrapper.framework; name = CoreGraphics.framework; path = System/Library/Frameworks/CoreGraphics.framework; sourceTree = SDKROOT; };
		034BBC511E126FD200234CDB /* Foundation.framework */ = {isa = PBXFileReference; lastKnownFileType = wrapper.framework; name = Foundation.framework; path = System/Library/Frameworks/Foundation.framework; sourceTree = SDKROOT; };
		034BBC531E126FDA00234CDB /* Security.framework */ = {isa = PBXFileReference; lastKnownFileType = wrapper.framework; name = Security.framework; path = System/Library/Frameworks/Security.framework; sourceTree = SDKROOT; };
		034BBC551E126FE100234CDB /* libz.tbd */ = {isa = PBXFileReference; lastKnownFileType = "sourcecode.text-based-dylib-definition"; name = libz.tbd; path = usr/lib/libz.tbd; sourceTree = SDKROOT; };
		034BBC571E126FF200234CDB /* UserNotifications.framework */ = {isa = PBXFileReference; lastKnownFileType = wrapper.framework; name = UserNotifications.framework; path = System/Library/Frameworks/UserNotifications.framework; sourceTree = SDKROOT; };
		034BBC591E126FFE00234CDB /* libresolv.tbd */ = {isa = PBXFileReference; lastKnownFileType = "sourcecode.text-based-dylib-definition"; name = libresolv.tbd; path = usr/lib/libresolv.tbd; sourceTree = SDKROOT; };
		03FB92311DCEDFA700C417BE /* Assets.xcassets */ = {isa = PBXFileReference; lastKnownFileType = folder.assetcatalog; name = Assets.xcassets; path = BestWay/Assets.xcassets; sourceTree = "<group>"; };
		850C14989A7493362A05437E /* Pods-BestWay.release.xcconfig */ = {isa = PBXFileReference; includeInIndex = 1; lastKnownFileType = text.xcconfig; name = "Pods-BestWay.release.xcconfig"; path = "Pods/Target Support Files/Pods-BestWay/Pods-BestWay.release.xcconfig"; sourceTree = "<group>"; };
		CCF52D3713496DF4723F021B /* Pods-BestWay.debug.xcconfig */ = {isa = PBXFileReference; includeInIndex = 1; lastKnownFileType = text.xcconfig; name = "Pods-BestWay.debug.xcconfig"; path = "Pods/Target Support Files/Pods-BestWay/Pods-BestWay.debug.xcconfig"; sourceTree = "<group>"; };
		E00A6A4D849CD7EFE23A2FD6 /* Pods_BestWay.framework */ = {isa = PBXFileReference; explicitFileType = wrapper.framework; includeInIndex = 0; path = Pods_BestWay.framework; sourceTree = BUILT_PRODUCTS_DIR; };
		EE45582C1F38BBCE00CD0F83 /* libsqlite3.0.tbd */ = {isa = PBXFileReference; lastKnownFileType = "sourcecode.text-based-dylib-definition"; name = libsqlite3.0.tbd; path = usr/lib/libsqlite3.0.tbd; sourceTree = SDKROOT; };
		EE4A1FAC1DD36BD900F95F5E /* BestWay-Bridging-Header.h */ = {isa = PBXFileReference; fileEncoding = 4; lastKnownFileType = sourcecode.c.h; path = "BestWay-Bridging-Header.h"; sourceTree = "<group>"; };
		EE70B4811FBEACAA00631C14 /* BWAddReportEvidenceViewController.swift */ = {isa = PBXFileReference; fileEncoding = 4; lastKnownFileType = sourcecode.swift; path = BWAddReportEvidenceViewController.swift; sourceTree = "<group>"; };
		EE70B4821FBEACAA00631C14 /* BWAlbumImageCollectionViewController.swift */ = {isa = PBXFileReference; fileEncoding = 4; lastKnownFileType = sourcecode.swift; path = BWAlbumImageCollectionViewController.swift; sourceTree = "<group>"; };
		EE70B4831FBEACAA00631C14 /* BWAlbumImagePickerTableViewController.swift */ = {isa = PBXFileReference; fileEncoding = 4; lastKnownFileType = sourcecode.swift; path = BWAlbumImagePickerTableViewController.swift; sourceTree = "<group>"; };
		EE70B4841FBEACAA00631C14 /* BWImagePreviewViewController.swift */ = {isa = PBXFileReference; fileEncoding = 4; lastKnownFileType = sourcecode.swift; path = BWImagePreviewViewController.swift; sourceTree = "<group>"; };
		EE70B4851FBEACAA00631C14 /* BWLoginViewController.swift */ = {isa = PBXFileReference; fileEncoding = 4; lastKnownFileType = sourcecode.swift; path = BWLoginViewController.swift; sourceTree = "<group>"; };
		EE70B4861FBEACAA00631C14 /* BWReportTableViewController.swift */ = {isa = PBXFileReference; fileEncoding = 4; lastKnownFileType = sourcecode.swift; path = BWReportTableViewController.swift; sourceTree = "<group>"; };
		EE70B4871FBEACAA00631C14 /* BWSingleLostAndFoundViewController.swift */ = {isa = PBXFileReference; fileEncoding = 4; lastKnownFileType = sourcecode.swift; path = BWSingleLostAndFoundViewController.swift; sourceTree = "<group>"; };
		EE70B4881FBEACAA00631C14 /* BWUserViewController.swift */ = {isa = PBXFileReference; fileEncoding = 4; lastKnownFileType = sourcecode.swift; path = BWUserViewController.swift; sourceTree = "<group>"; };
		EE70B48A1FBEACAA00631C14 /* BWMainViewController.swift */ = {isa = PBXFileReference; fileEncoding = 4; lastKnownFileType = sourcecode.swift; path = BWMainViewController.swift; sourceTree = "<group>"; };
		EE70B48B1FBEACAA00631C14 /* BWSearchResultViewController.swift */ = {isa = PBXFileReference; fileEncoding = 4; lastKnownFileType = sourcecode.swift; path = BWSearchResultViewController.swift; sourceTree = "<group>"; };
		EE70B48D1FBEACAA00631C14 /* BWSettingTableViewController.swift */ = {isa = PBXFileReference; fileEncoding = 4; lastKnownFileType = sourcecode.swift; path = BWSettingTableViewController.swift; sourceTree = "<group>"; };
		EE70B48E1FBEACAA00631C14 /* BWUserCenterTableViewController.swift */ = {isa = PBXFileReference; fileEncoding = 4; lastKnownFileType = sourcecode.swift; path = BWUserCenterTableViewController.swift; sourceTree = "<group>"; };
		EE70B48F1FBEACAA00631C14 /* BWUserCenterViewController.swift */ = {isa = PBXFileReference; fileEncoding = 4; lastKnownFileType = sourcecode.swift; path = BWUserCenterViewController.swift; sourceTree = "<group>"; };
		EE70B4911FBEACAA00631C14 /* BWConversationViewController.swift */ = {isa = PBXFileReference; fileEncoding = 4; lastKnownFileType = sourcecode.swift; path = BWConversationViewController.swift; sourceTree = "<group>"; };
		EE70B4921FBEACAA00631C14 /* BWMessageListViewController.swift */ = {isa = PBXFileReference; fileEncoding = 4; lastKnownFileType = sourcecode.swift; path = BWMessageListViewController.swift; sourceTree = "<group>"; };
		EE70B4951FBEACAA00631C14 /* BWAttendanceViewController.swift */ = {isa = PBXFileReference; fileEncoding = 4; lastKnownFileType = sourcecode.swift; path = BWAttendanceViewController.swift; sourceTree = "<group>"; };
		EE70B4961FBEACAA00631C14 /* BWBannerWebViewController.swift */ = {isa = PBXFileReference; fileEncoding = 4; lastKnownFileType = sourcecode.swift; path = BWBannerWebViewController.swift; sourceTree = "<group>"; };
		EE70B4971FBEACAA00631C14 /* BWSquareTableViewController.swift */ = {isa = PBXFileReference; fileEncoding = 4; lastKnownFileType = sourcecode.swift; path = BWSquareTableViewController.swift; sourceTree = "<group>"; };
		EE70B4991FBEACAA00631C14 /* BWCalendarViewController.swift */ = {isa = PBXFileReference; fileEncoding = 4; lastKnownFileType = sourcecode.swift; path = BWCalendarViewController.swift; sourceTree = "<group>"; };
		EE70B49B1FBEACAA00631C14 /* BWCourseDetailsViewController.swift */ = {isa = PBXFileReference; fileEncoding = 4; lastKnownFileType = sourcecode.swift; path = BWCourseDetailsViewController.swift; sourceTree = "<group>"; };
		EE70B49C1FBEACAA00631C14 /* BWTimetableViewController.swift */ = {isa = PBXFileReference; fileEncoding = 4; lastKnownFileType = sourcecode.swift; path = BWTimetableViewController.swift; sourceTree = "<group>"; };
		EE70B49E1FBEACAA00631C14 /* BWElectricityViewController.swift */ = {isa = PBXFileReference; fileEncoding = 4; lastKnownFileType = sourcecode.swift; path = BWElectricityViewController.swift; sourceTree = "<group>"; };
		EE70B4A01FBEACAA00631C14 /* BWExaminationSearchingViewController.swift */ = {isa = PBXFileReference; fileEncoding = 4; lastKnownFileType = sourcecode.swift; path = BWExaminationSearchingViewController.swift; sourceTree = "<group>"; };
		EE70B4A21FBEACAA00631C14 /* BWExpressInfoTableViewController.swift */ = {isa = PBXFileReference; fileEncoding = 4; lastKnownFileType = sourcecode.swift; path = BWExpressInfoTableViewController.swift; sourceTree = "<group>"; };
		EE70B4A31FBEACAA00631C14 /* BWExpressViewController.swift */ = {isa = PBXFileReference; fileEncoding = 4; lastKnownFileType = sourcecode.swift; path = BWExpressViewController.swift; sourceTree = "<group>"; };
		EE70B4A51FBEACAA00631C14 /* BWAddFleaMarketViewController.swift */ = {isa = PBXFileReference; fileEncoding = 4; lastKnownFileType = sourcecode.swift; path = BWAddFleaMarketViewController.swift; sourceTree = "<group>"; };
		EE70B4A61FBEACAA00631C14 /* BWFleaMarketInfoViewController.swift */ = {isa = PBXFileReference; fileEncoding = 4; lastKnownFileType = sourcecode.swift; path = BWFleaMarketInfoViewController.swift; sourceTree = "<group>"; };
		EE70B4A71FBEACAA00631C14 /* BWFleaMarketViewController.swift */ = {isa = PBXFileReference; fileEncoding = 4; lastKnownFileType = sourcecode.swift; path = BWFleaMarketViewController.swift; sourceTree = "<group>"; };
		EE70B4A91FBEACAA00631C14 /* BWGradeExaminationViewController.swift */ = {isa = PBXFileReference; fileEncoding = 4; lastKnownFileType = sourcecode.swift; path = BWGradeExaminationViewController.swift; sourceTree = "<group>"; };
		EE70B4AB1FBEACAA00631C14 /* BWLibraryViewController.swift */ = {isa = PBXFileReference; fileEncoding = 4; lastKnownFileType = sourcecode.swift; path = BWLibraryViewController.swift; sourceTree = "<group>"; };
		EE70B4AD1FBEACAA00631C14 /* BWAddLostAndFoundInfoViewController.swift */ = {isa = PBXFileReference; fileEncoding = 4; lastKnownFileType = sourcecode.swift; path = BWAddLostAndFoundInfoViewController.swift; sourceTree = "<group>"; };
		EE70B4AE1FBEACAA00631C14 /* BWLostAndFoundViewController.swift */ = {isa = PBXFileReference; fileEncoding = 4; lastKnownFileType = sourcecode.swift; path = BWLostAndFoundViewController.swift; sourceTree = "<group>"; };
		EE70B4B01FBEACAA00631C14 /* BWScoreSearchingViewController.swift */ = {isa = PBXFileReference; fileEncoding = 4; lastKnownFileType = sourcecode.swift; path = BWScoreSearchingViewController.swift; sourceTree = "<group>"; };
		EE70B4B21FBEACAA00631C14 /* BWSituationAndPolicyDetailViewController.swift */ = {isa = PBXFileReference; fileEncoding = 4; lastKnownFileType = sourcecode.swift; path = BWSituationAndPolicyDetailViewController.swift; sourceTree = "<group>"; };
		EE70B4B31FBEACAA00631C14 /* BWSituationAndPolicyViewController.swift */ = {isa = PBXFileReference; fileEncoding = 4; lastKnownFileType = sourcecode.swift; path = BWSituationAndPolicyViewController.swift; sourceTree = "<group>"; };
		EE70B4D81FBEACCA00631C14 /* BWDatabaseOperations.swift */ = {isa = PBXFileReference; fileEncoding = 4; lastKnownFileType = sourcecode.swift; path = BWDatabaseOperations.swift; sourceTree = "<group>"; };
		EE70B4D91FBEACCA00631C14 /* BWDateUtil.swift */ = {isa = PBXFileReference; fileEncoding = 4; lastKnownFileType = sourcecode.swift; path = BWDateUtil.swift; sourceTree = "<group>"; };
		EE70B4DA1FBEACCA00631C14 /* BWImageUtil.swift */ = {isa = PBXFileReference; fileEncoding = 4; lastKnownFileType = sourcecode.swift; path = BWImageUtil.swift; sourceTree = "<group>"; };
		EE70B4DB1FBEACCA00631C14 /* BWRequestUtil.swift */ = {isa = PBXFileReference; fileEncoding = 4; lastKnownFileType = sourcecode.swift; path = BWRequestUtil.swift; sourceTree = "<group>"; };
		EE70B4DC1FBEACCA00631C14 /* UIAlertController+Custom.swift */ = {isa = PBXFileReference; fileEncoding = 4; lastKnownFileType = sourcecode.swift; path = "UIAlertController+Custom.swift"; sourceTree = "<group>"; };
		EE70B4DD1FBEACCA00631C14 /* UIColor+Custom.swift */ = {isa = PBXFileReference; fileEncoding = 4; lastKnownFileType = sourcecode.swift; path = "UIColor+Custom.swift"; sourceTree = "<group>"; };
		EE70B4DE1FBEACCA00631C14 /* UIImage+Custom.swift */ = {isa = PBXFileReference; fileEncoding = 4; lastKnownFileType = sourcecode.swift; path = "UIImage+Custom.swift"; sourceTree = "<group>"; };
		EE70B4E11FBEACCB00631C14 /* BWStationAnnotation.swift */ = {isa = PBXFileReference; fileEncoding = 4; lastKnownFileType = sourcecode.swift; path = BWStationAnnotation.swift; sourceTree = "<group>"; };
		EE70B4E21FBEACCB00631C14 /* BWCourse.swift */ = {isa = PBXFileReference; fileEncoding = 4; lastKnownFileType = sourcecode.swift; path = BWCourse.swift; sourceTree = "<group>"; };
		EE70B4E31FBEACCB00631C14 /* BWUser.swift */ = {isa = PBXFileReference; fileEncoding = 4; lastKnownFileType = sourcecode.swift; path = BWUser.swift; sourceTree = "<group>"; };
		EE70B4E51FBEACCB00631C14 /* AppDelegate.swift */ = {isa = PBXFileReference; fileEncoding = 4; lastKnownFileType = sourcecode.swift; path = AppDelegate.swift; sourceTree = "<group>"; };
		EE70B4E61FBEACCB00631C14 /* BWApiurl.swift */ = {isa = PBXFileReference; fileEncoding = 4; lastKnownFileType = sourcecode.swift; path = BWApiurl.swift; sourceTree = "<group>"; };
		EE70B4E71FBEACCB00631C14 /* Info.plist */ = {isa = PBXFileReference; fileEncoding = 4; lastKnownFileType = text.plist.xml; path = Info.plist; sourceTree = "<group>"; };
		EE70B4E91FBEACCB00631C14 /* BWAlbumImagePicker.storyboard */ = {isa = PBXFileReference; fileEncoding = 4; lastKnownFileType = file.storyboard; path = BWAlbumImagePicker.storyboard; sourceTree = "<group>"; };
		EE70B4EB1FBEACCB00631C14 /* BWElectricityAlertView.swift */ = {isa = PBXFileReference; fileEncoding = 4; lastKnownFileType = sourcecode.swift; path = BWElectricityAlertView.swift; sourceTree = "<group>"; };
		EE70B4EC1FBEACCB00631C14 /* BWExpressAddAlertView.swift */ = {isa = PBXFileReference; fileEncoding = 4; lastKnownFileType = sourcecode.swift; path = BWExpressAddAlertView.swift; sourceTree = "<group>"; };
		EE70B4ED1FBEACCB00631C14 /* BWExpressHelpAlertView.swift */ = {isa = PBXFileReference; fileEncoding = 4; lastKnownFileType = sourcecode.swift; path = BWExpressHelpAlertView.swift; sourceTree = "<group>"; };
		EE70B4EE1FBEACCB00631C14 /* BWScoreStatisticsAlertView.swift */ = {isa = PBXFileReference; fileEncoding = 4; lastKnownFileType = sourcecode.swift; path = BWScoreStatisticsAlertView.swift; sourceTree = "<group>"; };
		EE70B4F01FBEACCB00631C14 /* BWStationAnnotationView.swift */ = {isa = PBXFileReference; fileEncoding = 4; lastKnownFileType = sourcecode.swift; path = BWStationAnnotationView.swift; sourceTree = "<group>"; };
		EE70B4F11FBEACCB00631C14 /* BWBannerWebViewController.xib */ = {isa = PBXFileReference; fileEncoding = 4; lastKnownFileType = file.xib; path = BWBannerWebViewController.xib; sourceTree = "<group>"; };
		EE70B4F31FBEACCB00631C14 /* BWAlbumImageCompleteButton.swift */ = {isa = PBXFileReference; fileEncoding = 4; lastKnownFileType = sourcecode.swift; path = BWAlbumImageCompleteButton.swift; sourceTree = "<group>"; };
		EE70B4F51FBEACCB00631C14 /* BWStationCalloutView.swift */ = {isa = PBXFileReference; fileEncoding = 4; lastKnownFileType = sourcecode.swift; path = BWStationCalloutView.swift; sourceTree = "<group>"; };
		EE70B4F71FBEACCB00631C14 /* BWAddPhotoCollectionViewCell.swift */ = {isa = PBXFileReference; fileEncoding = 4; lastKnownFileType = sourcecode.swift; path = BWAddPhotoCollectionViewCell.swift; sourceTree = "<group>"; };
		EE70B4F81FBEACCB00631C14 /* BWAlbumImageCollectionViewCell.swift */ = {isa = PBXFileReference; fileEncoding = 4; lastKnownFileType = sourcecode.swift; path = BWAlbumImageCollectionViewCell.swift; sourceTree = "<group>"; };
		EE70B4F91FBEACCB00631C14 /* BWCurriculumCourseCollectionViewCell.swift */ = {isa = PBXFileReference; fileEncoding = 4; lastKnownFileType = sourcecode.swift; path = BWCurriculumCourseCollectionViewCell.swift; sourceTree = "<group>"; };
		EE70B4FA1FBEACCB00631C14 /* BWCurriculumCourseCollectionViewCell.xib */ = {isa = PBXFileReference; fileEncoding = 4; lastKnownFileType = file.xib; path = BWCurriculumCourseCollectionViewCell.xib; sourceTree = "<group>"; };
		EE70B4FB1FBEACCB00631C14 /* BWCurriculumDateCollectionViewCell.swift */ = {isa = PBXFileReference; fileEncoding = 4; lastKnownFileType = sourcecode.swift; path = BWCurriculumDateCollectionViewCell.swift; sourceTree = "<group>"; };
		EE70B4FC1FBEACCB00631C14 /* BWCurriculumDateCollectionViewCell.xib */ = {isa = PBXFileReference; fileEncoding = 4; lastKnownFileType = file.xib; path = BWCurriculumDateCollectionViewCell.xib; sourceTree = "<group>"; };
		EE70B4FD1FBEACCB00631C14 /* BWFleaMarketCollectionViewCell.swift */ = {isa = PBXFileReference; fileEncoding = 4; lastKnownFileType = sourcecode.swift; path = BWFleaMarketCollectionViewCell.swift; sourceTree = "<group>"; };
		EE70B4FE1FBEACCB00631C14 /* BWFleaMarketCollectionViewCell.xib */ = {isa = PBXFileReference; fileEncoding = 4; lastKnownFileType = file.xib; path = BWFleaMarketCollectionViewCell.xib; sourceTree = "<group>"; };
		EE70B4FF1FBEACCB00631C14 /* BWImageCollectionViewCell.swift */ = {isa = PBXFileReference; fileEncoding = 4; lastKnownFileType = sourcecode.swift; path = BWImageCollectionViewCell.swift; sourceTree = "<group>"; };
		EE70B5001FBEACCB00631C14 /* BWImageCollectionViewCell.xib */ = {isa = PBXFileReference; fileEncoding = 4; lastKnownFileType = file.xib; path = BWImageCollectionViewCell.xib; sourceTree = "<group>"; };
		EE70B5011FBEACCB00631C14 /* BWImagePreviewCollectionViewCell.swift */ = {isa = PBXFileReference; fileEncoding = 4; lastKnownFileType = sourcecode.swift; path = BWImagePreviewCollectionViewCell.swift; sourceTree = "<group>"; };
		EE70B5031FBEACCB00631C14 /* BWDropBoxView.swift */ = {isa = PBXFileReference; fileEncoding = 4; lastKnownFileType = sourcecode.swift; path = BWDropBoxView.swift; sourceTree = "<group>"; };
		EE70B5041FBEACCB00631C14 /* BWExpressInfoTableViewController.xib */ = {isa = PBXFileReference; fileEncoding = 4; lastKnownFileType = file.xib; path = BWExpressInfoTableViewController.xib; sourceTree = "<group>"; };
		EE70B5051FBEACCB00631C14 /* BWPlaceholderTextView.swift */ = {isa = PBXFileReference; fileEncoding = 4; lastKnownFileType = sourcecode.swift; path = BWPlaceholderTextView.swift; sourceTree = "<group>"; };
		EE70B5071FBEACCB00631C14 /* BWSegmentControl.swift */ = {isa = PBXFileReference; fileEncoding = 4; lastKnownFileType = sourcecode.swift; path = BWSegmentControl.swift; sourceTree = "<group>"; };
		EE70B5081FBEACCB00631C14 /* BWSegmentPattern.swift */ = {isa = PBXFileReference; fileEncoding = 4; lastKnownFileType = sourcecode.swift; path = BWSegmentPattern.swift; sourceTree = "<group>"; };
		EE70B50A1FBEACCB00631C14 /* BWAddPhotoTableViewCell.swift */ = {isa = PBXFileReference; fileEncoding = 4; lastKnownFileType = sourcecode.swift; path = BWAddPhotoTableViewCell.swift; sourceTree = "<group>"; };
		EE70B50B1FBEACCB00631C14 /* BWAlbumImagePickerTableViewCell.swift */ = {isa = PBXFileReference; fileEncoding = 4; lastKnownFileType = sourcecode.swift; path = BWAlbumImagePickerTableViewCell.swift; sourceTree = "<group>"; };
		EE70B50C1FBEACCB00631C14 /* BWCardTableViewCell.swift */ = {isa = PBXFileReference; fileEncoding = 4; lastKnownFileType = sourcecode.swift; path = BWCardTableViewCell.swift; sourceTree = "<group>"; };
		EE70B50D1FBEACCB00631C14 /* BWCardTableViewCell.xib */ = {isa = PBXFileReference; fileEncoding = 4; lastKnownFileType = file.xib; path = BWCardTableViewCell.xib; sourceTree = "<group>"; };
		EE70B50E1FBEACCB00631C14 /* BWExamTableViewCell.swift */ = {isa = PBXFileReference; fileEncoding = 4; lastKnownFileType = sourcecode.swift; path = BWExamTableViewCell.swift; sourceTree = "<group>"; };
		EE70B50F1FBEACCB00631C14 /* BWExamTableViewCell.xib */ = {isa = PBXFileReference; fileEncoding = 4; lastKnownFileType = file.xib; path = BWExamTableViewCell.xib; sourceTree = "<group>"; };
		EE70B5101FBEACCB00631C14 /* BWFleaMarketInfoTableViewCell.swift */ = {isa = PBXFileReference; fileEncoding = 4; lastKnownFileType = sourcecode.swift; path = BWFleaMarketInfoTableViewCell.swift; sourceTree = "<group>"; };
		EE70B5111FBEACCB00631C14 /* BWFleaMarketInfoTableViewCell.xib */ = {isa = PBXFileReference; fileEncoding = 4; lastKnownFileType = file.xib; path = BWFleaMarketInfoTableViewCell.xib; sourceTree = "<group>"; };
		EE70B5121FBEACCB00631C14 /* BWGradeExaminationTableViewCell.swift */ = {isa = PBXFileReference; fileEncoding = 4; lastKnownFileType = sourcecode.swift; path = BWGradeExaminationTableViewCell.swift; sourceTree = "<group>"; };
		EE70B5131FBEACCB00631C14 /* BWGradeExaminationTableViewCell.xib */ = {isa = PBXFileReference; fileEncoding = 4; lastKnownFileType = file.xib; path = BWGradeExaminationTableViewCell.xib; sourceTree = "<group>"; };
		EE70B5141FBEACCB00631C14 /* BWIntroductionTableViewCell.swift */ = {isa = PBXFileReference; fileEncoding = 4; lastKnownFileType = sourcecode.swift; path = BWIntroductionTableViewCell.swift; sourceTree = "<group>"; };
		EE70B5151FBEACCB00631C14 /* BWIntroductionTableViewCell.xib */ = {isa = PBXFileReference; fileEncoding = 4; lastKnownFileType = file.xib; path = BWIntroductionTableViewCell.xib; sourceTree = "<group>"; };
		EE70B5161FBEACCB00631C14 /* BWLostAndFoundInfoTableViewCell.swift */ = {isa = PBXFileReference; fileEncoding = 4; lastKnownFileType = sourcecode.swift; path = BWLostAndFoundInfoTableViewCell.swift; sourceTree = "<group>"; };
		EE70B5171FBEACCB00631C14 /* BWLostAndFoundInfoTableViewCell.xib */ = {isa = PBXFileReference; fileEncoding = 4; lastKnownFileType = file.xib; path = BWLostAndFoundInfoTableViewCell.xib; sourceTree = "<group>"; };
		EE70B5181FBEACCB00631C14 /* BWScoreTableViewCell.swift */ = {isa = PBXFileReference; fileEncoding = 4; lastKnownFileType = sourcecode.swift; path = BWScoreTableViewCell.swift; sourceTree = "<group>"; };
		EE70B5191FBEACCB00631C14 /* BWScoreTableViewCell.xib */ = {isa = PBXFileReference; fileEncoding = 4; lastKnownFileType = file.xib; path = BWScoreTableViewCell.xib; sourceTree = "<group>"; };
		EE70B51A1FBEACCB00631C14 /* BWSingleLostAndFoundTableViewCell.swift */ = {isa = PBXFileReference; fileEncoding = 4; lastKnownFileType = sourcecode.swift; path = BWSingleLostAndFoundTableViewCell.swift; sourceTree = "<group>"; };
		EE70B51B1FBEACCB00631C14 /* BWSingleLostAndFoundTableViewCell.xib */ = {isa = PBXFileReference; fileEncoding = 4; lastKnownFileType = file.xib; path = BWSingleLostAndFoundTableViewCell.xib; sourceTree = "<group>"; };
		EE70B51C1FBEACCB00631C14 /* BWSituationAndPolicyTableViewCell.swift */ = {isa = PBXFileReference; fileEncoding = 4; lastKnownFileType = sourcecode.swift; path = BWSituationAndPolicyTableViewCell.swift; sourceTree = "<group>"; };
		EE70B51D1FBEACCB00631C14 /* BWSituationAndPolicyTableViewCell.xib */ = {isa = PBXFileReference; fileEncoding = 4; lastKnownFileType = file.xib; path = BWSituationAndPolicyTableViewCell.xib; sourceTree = "<group>"; };
		EE70B51E1FBEACCB00631C14 /* BWTextFieldTableViewCell.swift */ = {isa = PBXFileReference; fileEncoding = 4; lastKnownFileType = sourcecode.swift; path = BWTextFieldTableViewCell.swift; sourceTree = "<group>"; };
		EE70B51F1FBEACCB00631C14 /* BWTextViewTableViewCell.swift */ = {isa = PBXFileReference; fileEncoding = 4; lastKnownFileType = sourcecode.swift; path = BWTextViewTableViewCell.swift; sourceTree = "<group>"; };
		EE70B5201FBEACCB00631C14 /* Main.storyboard */ = {isa = PBXFileReference; fileEncoding = 4; lastKnownFileType = file.storyboard; path = Main.storyboard; sourceTree = "<group>"; };
		EEA0CB511F26170D00B16AF4 /* FMDB.framework */ = {isa = PBXFileReference; lastKnownFileType = wrapper.framework; name = FMDB.framework; path = "../../Library/Developer/Xcode/DerivedData/BestWay-gwjkcczqcfxrihhhhrpjsxvloedc/Build/Products/Debug-iphonesimulator/FMDB/FMDB.framework"; sourceTree = "<group>"; };
/* End PBXFileReference section */

/* Begin PBXFrameworksBuildPhase section */
		032869041DC5F14A00B549A9 /* Frameworks */ = {
			isa = PBXFrameworksBuildPhase;
			buildActionMask = 2147483647;
			files = (
				EE4FED1E1F67B249009F6F63 /* libsqlite3.0.tbd in Frameworks */,
				13362E6B93D40C61E886E6E7 /* Pods_BestWay.framework in Frameworks */,
			);
			runOnlyForDeploymentPostprocessing = 0;
		};
/* End PBXFrameworksBuildPhase section */

/* Begin PBXGroup section */
		032868FE1DC5F14A00B549A9 = {
			isa = PBXGroup;
			children = (
				03052FFD1F6998C600A5CE0B /* BestWay.db */,
				EE4A1FAC1DD36BD900F95F5E /* BestWay-Bridging-Header.h */,
				032869091DC5F14A00B549A9 /* BestWay */,
				03FB92311DCEDFA700C417BE /* Assets.xcassets */,
				032869081DC5F14A00B549A9 /* Products */,
				91FCFE8639EC0BEE9F4EC790 /* Pods */,
				5932872218632C867A910608 /* Frameworks */,
			);
			sourceTree = "<group>";
		};
		032869081DC5F14A00B549A9 /* Products */ = {
			isa = PBXGroup;
			children = (
				032869071DC5F14A00B549A9 /* BestWay.app */,
			);
			name = Products;
			sourceTree = "<group>";
		};
		032869091DC5F14A00B549A9 /* BestWay */ = {
			isa = PBXGroup;
			children = (
				EE70B4E41FBEACCB00631C14 /* Configs */,
				EE70B4DF1FBEACCB00631C14 /* Models */,
				EE70B4D71FBEACCA00631C14 /* Utils */,
				032869131DC5F14A00B549A9 /* LaunchScreen.storyboard */,
				EE70B4E81FBEACCB00631C14 /* Views */,
				EE70B4801FBEACAA00631C14 /* Controllers */,
				03051AF71E0225E000F94515 /* BestWay.entitlements */,
			);
			path = BestWay;
			sourceTree = "<group>";
		};
		5932872218632C867A910608 /* Frameworks */ = {
			isa = PBXGroup;
			children = (
				EE45582C1F38BBCE00CD0F83 /* libsqlite3.0.tbd */,
				EEA0CB511F26170D00B16AF4 /* FMDB.framework */,
				034BBC591E126FFE00234CDB /* libresolv.tbd */,
				034BBC571E126FF200234CDB /* UserNotifications.framework */,
				034BBC551E126FE100234CDB /* libz.tbd */,
				034BBC531E126FDA00234CDB /* Security.framework */,
				034BBC511E126FD200234CDB /* Foundation.framework */,
				034BBC4F1E126FCA00234CDB /* CoreGraphics.framework */,
				034BBC4D1E126FC500234CDB /* SystemConfiguration.framework */,
				034BBC4B1E126FBA00234CDB /* CoreTelephony.framework */,
				034BBC491E126FB200234CDB /* CoreFoundation.framework */,
				034BBC471E126FA800234CDB /* CFNetwork.framework */,
				031B285A1DF2B4A70002B80D /* Photos.framework */,
				E00A6A4D849CD7EFE23A2FD6 /* Pods_BestWay.framework */,
			);
			name = Frameworks;
			sourceTree = "<group>";
		};
		91FCFE8639EC0BEE9F4EC790 /* Pods */ = {
			isa = PBXGroup;
			children = (
				CCF52D3713496DF4723F021B /* Pods-BestWay.debug.xcconfig */,
				850C14989A7493362A05437E /* Pods-BestWay.release.xcconfig */,
			);
			name = Pods;
			sourceTree = "<group>";
		};
		EE70B4801FBEACAA00631C14 /* Controllers */ = {
			isa = PBXGroup;
			children = (
				EE70B4811FBEACAA00631C14 /* BWAddReportEvidenceViewController.swift */,
				EE70B4821FBEACAA00631C14 /* BWAlbumImageCollectionViewController.swift */,
				EE70B4831FBEACAA00631C14 /* BWAlbumImagePickerTableViewController.swift */,
				EE70B4841FBEACAA00631C14 /* BWImagePreviewViewController.swift */,
				EE70B4851FBEACAA00631C14 /* BWLoginViewController.swift */,
				EE70B4861FBEACAA00631C14 /* BWReportTableViewController.swift */,
				EE70B4871FBEACAA00631C14 /* BWSingleLostAndFoundViewController.swift */,
				EE70B4881FBEACAA00631C14 /* BWUserViewController.swift */,
				EE70B4891FBEACAA00631C14 /* Main */,
				EE70B48C1FBEACAA00631C14 /* Me */,
				EE70B4901FBEACAA00631C14 /* Message */,
				EE70B4931FBEACAA00631C14 /* Square */,
			);
			path = Controllers;
			sourceTree = "<group>";
		};
		EE70B4891FBEACAA00631C14 /* Main */ = {
			isa = PBXGroup;
			children = (
				EE70B48A1FBEACAA00631C14 /* BWMainViewController.swift */,
				EE70B48B1FBEACAA00631C14 /* BWSearchResultViewController.swift */,
			);
			path = Main;
			sourceTree = "<group>";
		};
		EE70B48C1FBEACAA00631C14 /* Me */ = {
			isa = PBXGroup;
			children = (
				EE70B48D1FBEACAA00631C14 /* BWSettingTableViewController.swift */,
				EE70B48E1FBEACAA00631C14 /* BWUserCenterTableViewController.swift */,
				EE70B48F1FBEACAA00631C14 /* BWUserCenterViewController.swift */,
			);
			path = Me;
			sourceTree = "<group>";
		};
		EE70B4901FBEACAA00631C14 /* Message */ = {
			isa = PBXGroup;
			children = (
				EE70B4911FBEACAA00631C14 /* BWConversationViewController.swift */,
				EE70B4921FBEACAA00631C14 /* BWMessageListViewController.swift */,
			);
			path = Message;
			sourceTree = "<group>";
		};
		EE70B4931FBEACAA00631C14 /* Square */ = {
			isa = PBXGroup;
			children = (
				EE70B4941FBEACAA00631C14 /* Attendance */,
				EE70B4961FBEACAA00631C14 /* BWBannerWebViewController.swift */,
				EE70B4971FBEACAA00631C14 /* BWSquareTableViewController.swift */,
				EE70B4981FBEACAA00631C14 /* Calendar */,
				EE70B49A1FBEACAA00631C14 /* Curriculum */,
				EE70B49D1FBEACAA00631C14 /* Electricity */,
				EE70B49F1FBEACAA00631C14 /* Exam */,
				EE70B4A11FBEACAA00631C14 /* Express */,
				EE70B4A41FBEACAA00631C14 /* FleaMarket */,
				EE70B4A81FBEACAA00631C14 /* GradeExamination */,
				EE70B4AA1FBEACAA00631C14 /* Library */,
				EE70B4AC1FBEACAA00631C14 /* LostAndFound */,
				EE70B4AF1FBEACAA00631C14 /* Score */,
				EE70B4B11FBEACAA00631C14 /* SituationAndPolicy */,
			);
			path = Square;
			sourceTree = "<group>";
		};
		EE70B4941FBEACAA00631C14 /* Attendance */ = {
			isa = PBXGroup;
			children = (
				EE70B4951FBEACAA00631C14 /* BWAttendanceViewController.swift */,
			);
			path = Attendance;
			sourceTree = "<group>";
		};
		EE70B4981FBEACAA00631C14 /* Calendar */ = {
			isa = PBXGroup;
			children = (
				EE70B4991FBEACAA00631C14 /* BWCalendarViewController.swift */,
			);
			path = Calendar;
			sourceTree = "<group>";
		};
		EE70B49A1FBEACAA00631C14 /* Curriculum */ = {
			isa = PBXGroup;
			children = (
				EE70B49B1FBEACAA00631C14 /* BWCourseDetailsViewController.swift */,
				EE70B49C1FBEACAA00631C14 /* BWTimetableViewController.swift */,
			);
			path = Curriculum;
			sourceTree = "<group>";
		};
		EE70B49D1FBEACAA00631C14 /* Electricity */ = {
			isa = PBXGroup;
			children = (
				EE70B49E1FBEACAA00631C14 /* BWElectricityViewController.swift */,
			);
			path = Electricity;
			sourceTree = "<group>";
		};
		EE70B49F1FBEACAA00631C14 /* Exam */ = {
			isa = PBXGroup;
			children = (
				EE70B4A01FBEACAA00631C14 /* BWExaminationSearchingViewController.swift */,
			);
			path = Exam;
			sourceTree = "<group>";
		};
		EE70B4A11FBEACAA00631C14 /* Express */ = {
			isa = PBXGroup;
			children = (
				EE70B4A21FBEACAA00631C14 /* BWExpressInfoTableViewController.swift */,
				EE70B4A31FBEACAA00631C14 /* BWExpressViewController.swift */,
			);
			path = Express;
			sourceTree = "<group>";
		};
		EE70B4A41FBEACAA00631C14 /* FleaMarket */ = {
			isa = PBXGroup;
			children = (
				EE70B4A51FBEACAA00631C14 /* BWAddFleaMarketViewController.swift */,
				EE70B4A61FBEACAA00631C14 /* BWFleaMarketInfoViewController.swift */,
				EE70B4A71FBEACAA00631C14 /* BWFleaMarketViewController.swift */,
			);
			path = FleaMarket;
			sourceTree = "<group>";
		};
		EE70B4A81FBEACAA00631C14 /* GradeExamination */ = {
			isa = PBXGroup;
			children = (
				EE70B4A91FBEACAA00631C14 /* BWGradeExaminationViewController.swift */,
			);
			path = GradeExamination;
			sourceTree = "<group>";
		};
		EE70B4AA1FBEACAA00631C14 /* Library */ = {
			isa = PBXGroup;
			children = (
				EE70B4AB1FBEACAA00631C14 /* BWLibraryViewController.swift */,
			);
			path = Library;
			sourceTree = "<group>";
		};
		EE70B4AC1FBEACAA00631C14 /* LostAndFound */ = {
			isa = PBXGroup;
			children = (
				EE70B4AD1FBEACAA00631C14 /* BWAddLostAndFoundInfoViewController.swift */,
				EE70B4AE1FBEACAA00631C14 /* BWLostAndFoundViewController.swift */,
			);
			path = LostAndFound;
			sourceTree = "<group>";
		};
		EE70B4AF1FBEACAA00631C14 /* Score */ = {
			isa = PBXGroup;
			children = (
				EE70B4B01FBEACAA00631C14 /* BWScoreSearchingViewController.swift */,
			);
			path = Score;
			sourceTree = "<group>";
		};
		EE70B4B11FBEACAA00631C14 /* SituationAndPolicy */ = {
			isa = PBXGroup;
			children = (
				EE70B4B21FBEACAA00631C14 /* BWSituationAndPolicyDetailViewController.swift */,
				EE70B4B31FBEACAA00631C14 /* BWSituationAndPolicyViewController.swift */,
			);
			path = SituationAndPolicy;
			sourceTree = "<group>";
		};
		EE70B4D71FBEACCA00631C14 /* Utils */ = {
			isa = PBXGroup;
			children = (
				EE70B4D81FBEACCA00631C14 /* BWDatabaseOperations.swift */,
				EE70B4D91FBEACCA00631C14 /* BWDateUtil.swift */,
				EE70B4DA1FBEACCA00631C14 /* BWImageUtil.swift */,
				EE70B4DB1FBEACCA00631C14 /* BWRequestUtil.swift */,
				EE70B4DC1FBEACCA00631C14 /* UIAlertController+Custom.swift */,
				EE70B4DD1FBEACCA00631C14 /* UIColor+Custom.swift */,
				EE70B4DE1FBEACCA00631C14 /* UIImage+Custom.swift */,
			);
			path = Utils;
			sourceTree = "<group>";
		};
		EE70B4DF1FBEACCB00631C14 /* Models */ = {
			isa = PBXGroup;
			children = (
				EE70B4E01FBEACCB00631C14 /* Annotation */,
				EE70B4E21FBEACCB00631C14 /* BWCourse.swift */,
				EE70B4E31FBEACCB00631C14 /* BWUser.swift */,
			);
			path = Models;
			sourceTree = "<group>";
		};
		EE70B4E01FBEACCB00631C14 /* Annotation */ = {
			isa = PBXGroup;
			children = (
				EE70B4E11FBEACCB00631C14 /* BWStationAnnotation.swift */,
			);
			path = Annotation;
			sourceTree = "<group>";
		};
		EE70B4E41FBEACCB00631C14 /* Configs */ = {
			isa = PBXGroup;
			children = (
				EE70B4E51FBEACCB00631C14 /* AppDelegate.swift */,
				EE70B4E61FBEACCB00631C14 /* BWApiurl.swift */,
				EE70B4E71FBEACCB00631C14 /* Info.plist */,
			);
			path = Configs;
			sourceTree = "<group>";
		};
		EE70B4E81FBEACCB00631C14 /* Views */ = {
			isa = PBXGroup;
			children = (
				EE70B4E91FBEACCB00631C14 /* BWAlbumImagePicker.storyboard */,
				EE70B4EA1FBEACCB00631C14 /* BWAlertView */,
				EE70B4EF1FBEACCB00631C14 /* BWAnnotationView */,
				EE70B4F11FBEACCB00631C14 /* BWBannerWebViewController.xib */,
				EE70B4F21FBEACCB00631C14 /* BWButtons */,
				EE70B4F41FBEACCB00631C14 /* BWCalloutView */,
				EE70B4F61FBEACCB00631C14 /* BWCollectionViewCells */,
				EE70B5021FBEACCB00631C14 /* BWDropBoxView */,
				EE70B5041FBEACCB00631C14 /* BWExpressInfoTableViewController.xib */,
				EE70B5051FBEACCB00631C14 /* BWPlaceholderTextView.swift */,
				EE70B5061FBEACCB00631C14 /* BWSegmentController */,
				EE70B5091FBEACCB00631C14 /* BWTableViewCells */,
				EE70B5201FBEACCB00631C14 /* Main.storyboard */,
			);
			path = Views;
			sourceTree = "<group>";
		};
		EE70B4EA1FBEACCB00631C14 /* BWAlertView */ = {
			isa = PBXGroup;
			children = (
				EE70B4EB1FBEACCB00631C14 /* BWElectricityAlertView.swift */,
				EE70B4EC1FBEACCB00631C14 /* BWExpressAddAlertView.swift */,
				EE70B4ED1FBEACCB00631C14 /* BWExpressHelpAlertView.swift */,
				EE70B4EE1FBEACCB00631C14 /* BWScoreStatisticsAlertView.swift */,
			);
			path = BWAlertView;
			sourceTree = "<group>";
		};
		EE70B4EF1FBEACCB00631C14 /* BWAnnotationView */ = {
			isa = PBXGroup;
			children = (
				EE70B4F01FBEACCB00631C14 /* BWStationAnnotationView.swift */,
			);
			path = BWAnnotationView;
			sourceTree = "<group>";
		};
		EE70B4F21FBEACCB00631C14 /* BWButtons */ = {
			isa = PBXGroup;
			children = (
				EE70B4F31FBEACCB00631C14 /* BWAlbumImageCompleteButton.swift */,
			);
			path = BWButtons;
			sourceTree = "<group>";
		};
		EE70B4F41FBEACCB00631C14 /* BWCalloutView */ = {
			isa = PBXGroup;
			children = (
				EE70B4F51FBEACCB00631C14 /* BWStationCalloutView.swift */,
			);
			path = BWCalloutView;
			sourceTree = "<group>";
		};
		EE70B4F61FBEACCB00631C14 /* BWCollectionViewCells */ = {
			isa = PBXGroup;
			children = (
				EE70B4F71FBEACCB00631C14 /* BWAddPhotoCollectionViewCell.swift */,
				EE70B4F81FBEACCB00631C14 /* BWAlbumImageCollectionViewCell.swift */,
				EE70B4F91FBEACCB00631C14 /* BWCurriculumCourseCollectionViewCell.swift */,
				EE70B4FA1FBEACCB00631C14 /* BWCurriculumCourseCollectionViewCell.xib */,
				EE70B4FB1FBEACCB00631C14 /* BWCurriculumDateCollectionViewCell.swift */,
				EE70B4FC1FBEACCB00631C14 /* BWCurriculumDateCollectionViewCell.xib */,
				EE70B4FD1FBEACCB00631C14 /* BWFleaMarketCollectionViewCell.swift */,
				EE70B4FE1FBEACCB00631C14 /* BWFleaMarketCollectionViewCell.xib */,
				EE70B4FF1FBEACCB00631C14 /* BWImageCollectionViewCell.swift */,
				EE70B5001FBEACCB00631C14 /* BWImageCollectionViewCell.xib */,
				EE70B5011FBEACCB00631C14 /* BWImagePreviewCollectionViewCell.swift */,
			);
			path = BWCollectionViewCells;
			sourceTree = "<group>";
		};
		EE70B5021FBEACCB00631C14 /* BWDropBoxView */ = {
			isa = PBXGroup;
			children = (
				EE70B5031FBEACCB00631C14 /* BWDropBoxView.swift */,
			);
			path = BWDropBoxView;
			sourceTree = "<group>";
		};
		EE70B5061FBEACCB00631C14 /* BWSegmentController */ = {
			isa = PBXGroup;
			children = (
				EE70B5071FBEACCB00631C14 /* BWSegmentControl.swift */,
				EE70B5081FBEACCB00631C14 /* BWSegmentPattern.swift */,
			);
			path = BWSegmentController;
			sourceTree = "<group>";
		};
		EE70B5091FBEACCB00631C14 /* BWTableViewCells */ = {
			isa = PBXGroup;
			children = (
				EE70B50A1FBEACCB00631C14 /* BWAddPhotoTableViewCell.swift */,
				EE70B50B1FBEACCB00631C14 /* BWAlbumImagePickerTableViewCell.swift */,
				EE70B50C1FBEACCB00631C14 /* BWCardTableViewCell.swift */,
				EE70B50D1FBEACCB00631C14 /* BWCardTableViewCell.xib */,
				EE70B50E1FBEACCB00631C14 /* BWExamTableViewCell.swift */,
				EE70B50F1FBEACCB00631C14 /* BWExamTableViewCell.xib */,
				EE70B5101FBEACCB00631C14 /* BWFleaMarketInfoTableViewCell.swift */,
				EE70B5111FBEACCB00631C14 /* BWFleaMarketInfoTableViewCell.xib */,
				EE70B5121FBEACCB00631C14 /* BWGradeExaminationTableViewCell.swift */,
				EE70B5131FBEACCB00631C14 /* BWGradeExaminationTableViewCell.xib */,
				EE70B5141FBEACCB00631C14 /* BWIntroductionTableViewCell.swift */,
				EE70B5151FBEACCB00631C14 /* BWIntroductionTableViewCell.xib */,
				EE70B5161FBEACCB00631C14 /* BWLostAndFoundInfoTableViewCell.swift */,
				EE70B5171FBEACCB00631C14 /* BWLostAndFoundInfoTableViewCell.xib */,
				EE70B5181FBEACCB00631C14 /* BWScoreTableViewCell.swift */,
				EE70B5191FBEACCB00631C14 /* BWScoreTableViewCell.xib */,
				EE70B51A1FBEACCB00631C14 /* BWSingleLostAndFoundTableViewCell.swift */,
				EE70B51B1FBEACCB00631C14 /* BWSingleLostAndFoundTableViewCell.xib */,
				EE70B51C1FBEACCB00631C14 /* BWSituationAndPolicyTableViewCell.swift */,
				EE70B51D1FBEACCB00631C14 /* BWSituationAndPolicyTableViewCell.xib */,
				EE70B51E1FBEACCB00631C14 /* BWTextFieldTableViewCell.swift */,
				EE70B51F1FBEACCB00631C14 /* BWTextViewTableViewCell.swift */,
			);
			path = BWTableViewCells;
			sourceTree = "<group>";
		};
/* End PBXGroup section */

/* Begin PBXNativeTarget section */
		032869061DC5F14A00B549A9 /* BestWay */ = {
			isa = PBXNativeTarget;
			buildConfigurationList = 032869191DC5F14A00B549A9 /* Build configuration list for PBXNativeTarget "BestWay" */;
			buildPhases = (
				8F241F750183E5D8F4FF00A7 /* [CP] Check Pods Manifest.lock */,
				032869031DC5F14A00B549A9 /* Sources */,
				032869041DC5F14A00B549A9 /* Frameworks */,
				032869051DC5F14A00B549A9 /* Resources */,
				880A746C0F7F85CF18F3925E /* [CP] Embed Pods Frameworks */,
				AF009B2DE15C21F983DF6F05 /* [CP] Copy Pods Resources */,
			);
			buildRules = (
			);
			dependencies = (
			);
			name = BestWay;
			productName = BestWay;
			productReference = 032869071DC5F14A00B549A9 /* BestWay.app */;
			productType = "com.apple.product-type.application";
		};
/* End PBXNativeTarget section */

/* Begin PBXProject section */
		032868FF1DC5F14A00B549A9 /* Project object */ = {
			isa = PBXProject;
			attributes = {
				LastSwiftUpdateCheck = 0810;
				LastUpgradeCheck = 0810;
				ORGANIZATIONNAME = PigVillageStudio;
				TargetAttributes = {
					032869061DC5F14A00B549A9 = {
						CreatedOnToolsVersion = 8.1;
						DevelopmentTeam = 9FGM9KV2LS;
						LastSwiftMigration = 0810;
						ProvisioningStyle = Automatic;
						SystemCapabilities = {
							com.apple.Push = {
								enabled = 1;
							};
						};
					};
				};
			};
			buildConfigurationList = 032869021DC5F14A00B549A9 /* Build configuration list for PBXProject "BestWay" */;
			compatibilityVersion = "Xcode 3.2";
			developmentRegion = English;
			hasScannedForEncodings = 0;
			knownRegions = (
				en,
				Base,
			);
			mainGroup = 032868FE1DC5F14A00B549A9;
			productRefGroup = 032869081DC5F14A00B549A9 /* Products */;
			projectDirPath = "";
			projectRoot = "";
			targets = (
				032869061DC5F14A00B549A9 /* BestWay */,
			);
		};
/* End PBXProject section */

/* Begin PBXResourcesBuildPhase section */
		032869051DC5F14A00B549A9 /* Resources */ = {
			isa = PBXResourcesBuildPhase;
			buildActionMask = 2147483647;
			files = (
				EE70B53C1FBEACCB00631C14 /* BWCurriculumDateCollectionViewCell.xib in Resources */,
				03052FFE1F6998C600A5CE0B /* BestWay.db in Resources */,
				032869151DC5F14A00B549A9 /* LaunchScreen.storyboard in Resources */,
				EE70B55A1FBEACCB00631C14 /* BWSituationAndPolicyTableViewCell.xib in Resources */,
				EE70B5401FBEACCB00631C14 /* BWImageCollectionViewCell.xib in Resources */,
				EE70B54A1FBEACCB00631C14 /* BWCardTableViewCell.xib in Resources */,
				EE70B5561FBEACCB00631C14 /* BWScoreTableViewCell.xib in Resources */,
				EE70B55D1FBEACCB00631C14 /* Main.storyboard in Resources */,
				EE70B5501FBEACCB00631C14 /* BWGradeExaminationTableViewCell.xib in Resources */,
				EE70B53A1FBEACCB00631C14 /* BWCurriculumCourseCollectionViewCell.xib in Resources */,
				EE70B52E1FBEACCB00631C14 /* BWAlbumImagePicker.storyboard in Resources */,
				EE70B5581FBEACCB00631C14 /* BWSingleLostAndFoundTableViewCell.xib in Resources */,
				EE70B5341FBEACCB00631C14 /* BWBannerWebViewController.xib in Resources */,
				EE70B53E1FBEACCB00631C14 /* BWFleaMarketCollectionViewCell.xib in Resources */,
				EE70B54C1FBEACCB00631C14 /* BWExamTableViewCell.xib in Resources */,
				EE70B5431FBEACCB00631C14 /* BWExpressInfoTableViewController.xib in Resources */,
				EE70B5541FBEACCB00631C14 /* BWLostAndFoundInfoTableViewCell.xib in Resources */,
				EE70B54E1FBEACCB00631C14 /* BWFleaMarketInfoTableViewCell.xib in Resources */,
				03FB92321DCEDFA700C417BE /* Assets.xcassets in Resources */,
				EE70B5521FBEACCB00631C14 /* BWIntroductionTableViewCell.xib in Resources */,
				EE70B52D1FBEACCB00631C14 /* Info.plist in Resources */,
			);
			runOnlyForDeploymentPostprocessing = 0;
		};
/* End PBXResourcesBuildPhase section */

/* Begin PBXShellScriptBuildPhase section */
		880A746C0F7F85CF18F3925E /* [CP] Embed Pods Frameworks */ = {
			isa = PBXShellScriptBuildPhase;
			buildActionMask = 2147483647;
			files = (
			);
			inputPaths = (
			);
			name = "[CP] Embed Pods Frameworks";
			outputPaths = (
			);
			runOnlyForDeploymentPostprocessing = 0;
			shellPath = /bin/sh;
			shellScript = "\"${SRCROOT}/Pods/Target Support Files/Pods-BestWay/Pods-BestWay-frameworks.sh\"\n";
			showEnvVarsInLog = 0;
		};
		8F241F750183E5D8F4FF00A7 /* [CP] Check Pods Manifest.lock */ = {
			isa = PBXShellScriptBuildPhase;
			buildActionMask = 2147483647;
			files = (
			);
			inputPaths = (
			);
			name = "[CP] Check Pods Manifest.lock";
			outputPaths = (
			);
			runOnlyForDeploymentPostprocessing = 0;
			shellPath = /bin/sh;
			shellScript = "diff \"${PODS_ROOT}/../Podfile.lock\" \"${PODS_ROOT}/Manifest.lock\" > /dev/null\nif [ $? != 0 ] ; then\n    # print error to STDERR\n    echo \"error: The sandbox is not in sync with the Podfile.lock. Run 'pod install' or update your CocoaPods installation.\" >&2\n    exit 1\nfi\n";
			showEnvVarsInLog = 0;
		};
		AF009B2DE15C21F983DF6F05 /* [CP] Copy Pods Resources */ = {
			isa = PBXShellScriptBuildPhase;
			buildActionMask = 2147483647;
			files = (
			);
			inputPaths = (
			);
			name = "[CP] Copy Pods Resources";
			outputPaths = (
			);
			runOnlyForDeploymentPostprocessing = 0;
			shellPath = /bin/sh;
			shellScript = "\"${SRCROOT}/Pods/Target Support Files/Pods-BestWay/Pods-BestWay-resources.sh\"\n";
			showEnvVarsInLog = 0;
		};
/* End PBXShellScriptBuildPhase section */

/* Begin PBXSourcesBuildPhase section */
		032869031DC5F14A00B549A9 /* Sources */ = {
			isa = PBXSourcesBuildPhase;
			buildActionMask = 2147483647;
			files = (
				EE70B4C31FBEACAA00631C14 /* BWAttendanceViewController.swift in Sources */,
				EE70B4C51FBEACAA00631C14 /* BWSquareTableViewController.swift in Sources */,
				EE70B4C71FBEACAA00631C14 /* BWCourseDetailsViewController.swift in Sources */,
				EE70B5591FBEACCB00631C14 /* BWSituationAndPolicyTableViewCell.swift in Sources */,
				EE70B53D1FBEACCB00631C14 /* BWFleaMarketCollectionViewCell.swift in Sources */,
				EE70B5311FBEACCB00631C14 /* BWExpressHelpAlertView.swift in Sources */,
				EE70B4C01FBEACAA00631C14 /* BWUserCenterViewController.swift in Sources */,
				EE70B5291FBEACCB00631C14 /* BWCourse.swift in Sources */,
				EE70B4CE1FBEACAA00631C14 /* BWFleaMarketInfoViewController.swift in Sources */,
				EE70B5211FBEACCB00631C14 /* BWDatabaseOperations.swift in Sources */,
				EE70B5261FBEACCB00631C14 /* UIColor+Custom.swift in Sources */,
				EE70B4BF1FBEACAA00631C14 /* BWUserCenterTableViewController.swift in Sources */,
				EE70B4C91FBEACAA00631C14 /* BWElectricityViewController.swift in Sources */,
				EE70B4CA1FBEACAA00631C14 /* BWExaminationSearchingViewController.swift in Sources */,
				EE70B52F1FBEACCB00631C14 /* BWElectricityAlertView.swift in Sources */,
				EE70B4C41FBEACAA00631C14 /* BWBannerWebViewController.swift in Sources */,
				EE70B4B71FBEACAA00631C14 /* BWImagePreviewViewController.swift in Sources */,
				EE70B4CF1FBEACAA00631C14 /* BWFleaMarketViewController.swift in Sources */,
				EE70B4B91FBEACAA00631C14 /* BWReportTableViewController.swift in Sources */,
				EE70B5331FBEACCB00631C14 /* BWStationAnnotationView.swift in Sources */,
				EE70B52B1FBEACCB00631C14 /* AppDelegate.swift in Sources */,
				EE70B53B1FBEACCB00631C14 /* BWCurriculumDateCollectionViewCell.swift in Sources */,
				EE70B5281FBEACCB00631C14 /* BWStationAnnotation.swift in Sources */,
				EE70B5421FBEACCB00631C14 /* BWDropBoxView.swift in Sources */,
				EE70B5441FBEACCB00631C14 /* BWPlaceholderTextView.swift in Sources */,
				EE70B4D51FBEACAA00631C14 /* BWSituationAndPolicyDetailViewController.swift in Sources */,
				EE70B55B1FBEACCB00631C14 /* BWTextFieldTableViewCell.swift in Sources */,
				EE70B5531FBEACCB00631C14 /* BWLostAndFoundInfoTableViewCell.swift in Sources */,
				EE70B5251FBEACCB00631C14 /* UIAlertController+Custom.swift in Sources */,
				EE70B5571FBEACCB00631C14 /* BWSingleLostAndFoundTableViewCell.swift in Sources */,
				EE70B4CB1FBEACAA00631C14 /* BWExpressInfoTableViewController.swift in Sources */,
				EE70B5451FBEACCB00631C14 /* BWSegmentControl.swift in Sources */,
				EE70B5271FBEACCB00631C14 /* UIImage+Custom.swift in Sources */,
				EE70B4D01FBEACAA00631C14 /* BWGradeExaminationViewController.swift in Sources */,
				EE70B4BB1FBEACAA00631C14 /* BWUserViewController.swift in Sources */,
				EE70B54F1FBEACCB00631C14 /* BWGradeExaminationTableViewCell.swift in Sources */,
				EE70B4BC1FBEACAA00631C14 /* BWMainViewController.swift in Sources */,
				EE70B5471FBEACCB00631C14 /* BWAddPhotoTableViewCell.swift in Sources */,
				EE70B4B61FBEACAA00631C14 /* BWAlbumImagePickerTableViewController.swift in Sources */,
				EE70B54B1FBEACCB00631C14 /* BWExamTableViewCell.swift in Sources */,
				EE70B5241FBEACCB00631C14 /* BWRequestUtil.swift in Sources */,
				EE70B4C11FBEACAA00631C14 /* BWConversationViewController.swift in Sources */,
				EE70B5321FBEACCB00631C14 /* BWScoreStatisticsAlertView.swift in Sources */,
				EE70B5511FBEACCB00631C14 /* BWIntroductionTableViewCell.swift in Sources */,
				EE70B4BD1FBEACAA00631C14 /* BWSearchResultViewController.swift in Sources */,
				EE70B4C81FBEACAA00631C14 /* BWTimetableViewController.swift in Sources */,
				EE70B5491FBEACCB00631C14 /* BWCardTableViewCell.swift in Sources */,
				EE70B4B81FBEACAA00631C14 /* BWLoginViewController.swift in Sources */,
				EE70B4CC1FBEACAA00631C14 /* BWExpressViewController.swift in Sources */,
				EE70B4D41FBEACAA00631C14 /* BWScoreSearchingViewController.swift in Sources */,
				EE70B5391FBEACCB00631C14 /* BWCurriculumCourseCollectionViewCell.swift in Sources */,
				EE70B4C61FBEACAA00631C14 /* BWCalendarViewController.swift in Sources */,
				EE70B54D1FBEACCB00631C14 /* BWFleaMarketInfoTableViewCell.swift in Sources */,
				EE70B4B41FBEACAA00631C14 /* BWAddReportEvidenceViewController.swift in Sources */,
				EE70B53F1FBEACCB00631C14 /* BWImageCollectionViewCell.swift in Sources */,
				EE70B5551FBEACCB00631C14 /* BWScoreTableViewCell.swift in Sources */,
				EE70B5381FBEACCB00631C14 /* BWAlbumImageCollectionViewCell.swift in Sources */,
				EE70B4D61FBEACAA00631C14 /* BWSituationAndPolicyViewController.swift in Sources */,
				EE70B5411FBEACCB00631C14 /* BWImagePreviewCollectionViewCell.swift in Sources */,
				EE70B4D21FBEACAA00631C14 /* BWAddLostAndFoundInfoViewController.swift in Sources */,
				EE70B55C1FBEACCB00631C14 /* BWTextViewTableViewCell.swift in Sources */,
				EE70B5221FBEACCB00631C14 /* BWDateUtil.swift in Sources */,
				EE70B4C21FBEACAA00631C14 /* BWMessageListViewController.swift in Sources */,
				EE70B4BA1FBEACAA00631C14 /* BWSingleLostAndFoundViewController.swift in Sources */,
				EE70B52C1FBEACCB00631C14 /* BWApiurl.swift in Sources */,
				EE70B5461FBEACCB00631C14 /* BWSegmentPattern.swift in Sources */,
				EE70B4D31FBEACAA00631C14 /* BWLostAndFoundViewController.swift in Sources */,
				EE70B5301FBEACCB00631C14 /* BWExpressAddAlertView.swift in Sources */,
				EE70B4CD1FBEACAA00631C14 /* BWAddFleaMarketViewController.swift in Sources */,
				EE70B52A1FBEACCB00631C14 /* BWUser.swift in Sources */,
				EE70B4BE1FBEACAA00631C14 /* BWSettingTableViewController.swift in Sources */,
				EE70B4D11FBEACAA00631C14 /* BWLibraryViewController.swift in Sources */,
				EE70B5361FBEACCB00631C14 /* BWStationCalloutView.swift in Sources */,
				EE70B5231FBEACCB00631C14 /* BWImageUtil.swift in Sources */,
				EE70B5351FBEACCB00631C14 /* BWAlbumImageCompleteButton.swift in Sources */,
				EE70B4B51FBEACAA00631C14 /* BWAlbumImageCollectionViewController.swift in Sources */,
				EE70B5371FBEACCB00631C14 /* BWAddPhotoCollectionViewCell.swift in Sources */,
				EE70B5481FBEACCB00631C14 /* BWAlbumImagePickerTableViewCell.swift in Sources */,
			);
			runOnlyForDeploymentPostprocessing = 0;
		};
/* End PBXSourcesBuildPhase section */

/* Begin PBXVariantGroup section */
		032869131DC5F14A00B549A9 /* LaunchScreen.storyboard */ = {
			isa = PBXVariantGroup;
			children = (
				032869141DC5F14A00B549A9 /* Base */,
			);
			name = LaunchScreen.storyboard;
			sourceTree = "<group>";
		};
/* End PBXVariantGroup section */

/* Begin XCBuildConfiguration section */
		032869171DC5F14A00B549A9 /* Debug */ = {
			isa = XCBuildConfiguration;
			buildSettings = {
				ALWAYS_SEARCH_USER_PATHS = NO;
				CLANG_ANALYZER_NONNULL = YES;
				CLANG_CXX_LANGUAGE_STANDARD = "gnu++0x";
				CLANG_CXX_LIBRARY = "libc++";
				CLANG_ENABLE_MODULES = YES;
				CLANG_ENABLE_OBJC_ARC = YES;
				CLANG_WARN_BOOL_CONVERSION = YES;
				CLANG_WARN_CONSTANT_CONVERSION = YES;
				CLANG_WARN_DIRECT_OBJC_ISA_USAGE = YES_ERROR;
				CLANG_WARN_DOCUMENTATION_COMMENTS = YES;
				CLANG_WARN_EMPTY_BODY = YES;
				CLANG_WARN_ENUM_CONVERSION = YES;
				CLANG_WARN_INFINITE_RECURSION = YES;
				CLANG_WARN_INT_CONVERSION = YES;
				CLANG_WARN_OBJC_ROOT_CLASS = YES_ERROR;
				CLANG_WARN_SUSPICIOUS_MOVE = YES;
				CLANG_WARN_SUSPICIOUS_MOVES = YES;
				CLANG_WARN_UNREACHABLE_CODE = YES;
				CLANG_WARN__DUPLICATE_METHOD_MATCH = YES;
				"CODE_SIGN_IDENTITY[sdk=iphoneos*]" = "iPhone Developer";
				COPY_PHASE_STRIP = NO;
				DEBUG_INFORMATION_FORMAT = dwarf;
				ENABLE_STRICT_OBJC_MSGSEND = YES;
				ENABLE_TESTABILITY = YES;
				GCC_C_LANGUAGE_STANDARD = gnu99;
				GCC_DYNAMIC_NO_PIC = NO;
				GCC_NO_COMMON_BLOCKS = YES;
				GCC_OPTIMIZATION_LEVEL = 0;
				GCC_PREPROCESSOR_DEFINITIONS = (
					"DEBUG=1",
					"$(inherited)",
				);
				GCC_WARN_64_TO_32_BIT_CONVERSION = YES;
				GCC_WARN_ABOUT_RETURN_TYPE = YES_ERROR;
				GCC_WARN_UNDECLARED_SELECTOR = YES;
				GCC_WARN_UNINITIALIZED_AUTOS = YES_AGGRESSIVE;
				GCC_WARN_UNUSED_FUNCTION = YES;
				GCC_WARN_UNUSED_VARIABLE = YES;
				IPHONEOS_DEPLOYMENT_TARGET = 10.1;
				MTL_ENABLE_DEBUG_INFO = YES;
				ONLY_ACTIVE_ARCH = YES;
				PROVISIONING_PROFILE = "459a4433-4b98-4e61-8100-79214fddfcb1";
				PROVISIONING_PROFILE_SPECIFIER = "";
				SDKROOT = iphoneos;
				SWIFT_ACTIVE_COMPILATION_CONDITIONS = DEBUG;
				SWIFT_OPTIMIZATION_LEVEL = "-Onone";
				TARGETED_DEVICE_FAMILY = "1,2";
			};
			name = Debug;
		};
		032869181DC5F14A00B549A9 /* Release */ = {
			isa = XCBuildConfiguration;
			buildSettings = {
				ALWAYS_SEARCH_USER_PATHS = NO;
				CLANG_ANALYZER_NONNULL = YES;
				CLANG_CXX_LANGUAGE_STANDARD = "gnu++0x";
				CLANG_CXX_LIBRARY = "libc++";
				CLANG_ENABLE_MODULES = YES;
				CLANG_ENABLE_OBJC_ARC = YES;
				CLANG_WARN_BOOL_CONVERSION = YES;
				CLANG_WARN_CONSTANT_CONVERSION = YES;
				CLANG_WARN_DIRECT_OBJC_ISA_USAGE = YES_ERROR;
				CLANG_WARN_DOCUMENTATION_COMMENTS = YES;
				CLANG_WARN_EMPTY_BODY = YES;
				CLANG_WARN_ENUM_CONVERSION = YES;
				CLANG_WARN_INFINITE_RECURSION = YES;
				CLANG_WARN_INT_CONVERSION = YES;
				CLANG_WARN_OBJC_ROOT_CLASS = YES_ERROR;
				CLANG_WARN_SUSPICIOUS_MOVE = YES;
				CLANG_WARN_SUSPICIOUS_MOVES = YES;
				CLANG_WARN_UNREACHABLE_CODE = YES;
				CLANG_WARN__DUPLICATE_METHOD_MATCH = YES;
				"CODE_SIGN_IDENTITY[sdk=iphoneos*]" = "iPhone Developer";
				COPY_PHASE_STRIP = NO;
				DEBUG_INFORMATION_FORMAT = "dwarf-with-dsym";
				ENABLE_NS_ASSERTIONS = NO;
				ENABLE_STRICT_OBJC_MSGSEND = YES;
				GCC_C_LANGUAGE_STANDARD = gnu99;
				GCC_NO_COMMON_BLOCKS = YES;
				GCC_WARN_64_TO_32_BIT_CONVERSION = YES;
				GCC_WARN_ABOUT_RETURN_TYPE = YES_ERROR;
				GCC_WARN_UNDECLARED_SELECTOR = YES;
				GCC_WARN_UNINITIALIZED_AUTOS = YES_AGGRESSIVE;
				GCC_WARN_UNUSED_FUNCTION = YES;
				GCC_WARN_UNUSED_VARIABLE = YES;
				IPHONEOS_DEPLOYMENT_TARGET = 10.1;
				MTL_ENABLE_DEBUG_INFO = NO;
				SDKROOT = iphoneos;
				SWIFT_OPTIMIZATION_LEVEL = "-Owholemodule";
				TARGETED_DEVICE_FAMILY = "1,2";
				VALIDATE_PRODUCT = YES;
			};
			name = Release;
		};
		0328691A1DC5F14A00B549A9 /* Debug */ = {
			isa = XCBuildConfiguration;
			baseConfigurationReference = CCF52D3713496DF4723F021B /* Pods-BestWay.debug.xcconfig */;
			buildSettings = {
				ALWAYS_EMBED_SWIFT_STANDARD_LIBRARIES = YES;
				ASSETCATALOG_COMPILER_APPICON_NAME = AppIcon;
				CODE_SIGN_ENTITLEMENTS = BestWay/BestWay.entitlements;
				"CODE_SIGN_IDENTITY[sdk=iphoneos*]" = "iPhone Developer";
				DEVELOPMENT_TEAM = 9FGM9KV2LS;
				INFOPLIST_FILE = "$(SRCROOT)/BestWay/Configs/Info.plist";
				IPHONEOS_DEPLOYMENT_TARGET = 10.1;
				LD_RUNPATH_SEARCH_PATHS = "$(inherited) @executable_path/Frameworks";
				LIBRARY_SEARCH_PATHS = (
					"$(inherited)",
					"\"${PODS_ROOT}/RongCloudIMKit/Rong_Cloud_iOS_IMKit_SDK_v2_6_0_dev\"",
				);
				PRODUCT_BUNDLE_IDENTIFIER = com.bnuz.BestWay;
				PRODUCT_NAME = "$(TARGET_NAME)";
				PROVISIONING_PROFILE = "";
				PROVISIONING_PROFILE_SPECIFIER = "";
				SWIFT_OBJC_BRIDGING_HEADER = "BestWay-Bridging-Header.h";
				SWIFT_VERSION = 3.0;
				USER_HEADER_SEARCH_PATHS = "";
			};
			name = Debug;
		};
		0328691B1DC5F14A00B549A9 /* Release */ = {
			isa = XCBuildConfiguration;
			baseConfigurationReference = 850C14989A7493362A05437E /* Pods-BestWay.release.xcconfig */;
			buildSettings = {
				ALWAYS_EMBED_SWIFT_STANDARD_LIBRARIES = YES;
				ASSETCATALOG_COMPILER_APPICON_NAME = AppIcon;
				CODE_SIGN_ENTITLEMENTS = BestWay/BestWay.entitlements;
				"CODE_SIGN_IDENTITY[sdk=iphoneos*]" = "iPhone Developer";
				DEVELOPMENT_TEAM = 9FGM9KV2LS;
				INFOPLIST_FILE = "$(SRCROOT)/BestWay/Configs/Info.plist";
				IPHONEOS_DEPLOYMENT_TARGET = 10.1;
				LD_RUNPATH_SEARCH_PATHS = "$(inherited) @executable_path/Frameworks";
				PRODUCT_BUNDLE_IDENTIFIER = com.bnuz.BestWay;
				PRODUCT_NAME = "$(TARGET_NAME)";
				PROVISIONING_PROFILE = "";
				PROVISIONING_PROFILE_SPECIFIER = "";
				SWIFT_OBJC_BRIDGING_HEADER = "BestWay-Bridging-Header.h";
				SWIFT_VERSION = 3.0;
			};
			name = Release;
		};
/* End XCBuildConfiguration section */

/* Begin XCConfigurationList section */
		032869021DC5F14A00B549A9 /* Build configuration list for PBXProject "BestWay" */ = {
			isa = XCConfigurationList;
			buildConfigurations = (
				032869171DC5F14A00B549A9 /* Debug */,
				032869181DC5F14A00B549A9 /* Release */,
			);
			defaultConfigurationIsVisible = 0;
			defaultConfigurationName = Release;
		};
		032869191DC5F14A00B549A9 /* Build configuration list for PBXNativeTarget "BestWay" */ = {
			isa = XCConfigurationList;
			buildConfigurations = (
				0328691A1DC5F14A00B549A9 /* Debug */,
				0328691B1DC5F14A00B549A9 /* Release */,
			);
			defaultConfigurationIsVisible = 0;
			defaultConfigurationName = Release;
		};
/* End XCConfigurationList section */
	};
	rootObject = 032868FF1DC5F14A00B549A9 /* Project object */;
}
