// !$*UTF8*$!
{
	archiveVersion = 1;
	classes = {
	};
	objectVersion = 46;
	objects = {

/* Begin PBXBuildFile section */
		03052FFE1F6998C600A5CE0B /* BestWay.db in Resources */ = {isa = PBXBuildFile; fileRef = 03052FFD1F6998C600A5CE0B /* BestWay.db */; };
		031B285E1DF2C00E0002B80D /* UIAlertController+Custom.swift in Sources */ = {isa = PBXBuildFile; fileRef = 031B285D1DF2C00E0002B80D /* UIAlertController+Custom.swift */; };
		031B28601DF2DB560002B80D /* BWImageUtil.swift in Sources */ = {isa = PBXBuildFile; fileRef = 031B285F1DF2DB560002B80D /* BWImageUtil.swift */; };
		031B28621DF2E5A20002B80D /* BWRequestUtil.swift in Sources */ = {isa = PBXBuildFile; fileRef = 031B28611DF2E5A20002B80D /* BWRequestUtil.swift */; };
		031B28661DF2F29E0002B80D /* BWDateUtil.swift in Sources */ = {isa = PBXBuildFile; fileRef = 031B28651DF2F29E0002B80D /* BWDateUtil.swift */; };
		0328690B1DC5F14A00B549A9 /* AppDelegate.swift in Sources */ = {isa = PBXBuildFile; fileRef = 0328690A1DC5F14A00B549A9 /* AppDelegate.swift */; };
		0328690D1DC5F14A00B549A9 /* BWLoginViewController.swift in Sources */ = {isa = PBXBuildFile; fileRef = 0328690C1DC5F14A00B549A9 /* BWLoginViewController.swift */; };
		032869151DC5F14A00B549A9 /* LaunchScreen.storyboard in Resources */ = {isa = PBXBuildFile; fileRef = 032869131DC5F14A00B549A9 /* LaunchScreen.storyboard */; };
		03373E741DCCB324004D5B2E /* BWApiurl.swift in Sources */ = {isa = PBXBuildFile; fileRef = 03373E731DCCB324004D5B2E /* BWApiurl.swift */; };
		033843551E68656B002F8FF3 /* BWStationAnnotation.swift in Sources */ = {isa = PBXBuildFile; fileRef = 033843541E68656B002F8FF3 /* BWStationAnnotation.swift */; };
		033843581E686BB0002F8FF3 /* BWStationAnnotationView.swift in Sources */ = {isa = PBXBuildFile; fileRef = 033843571E686BB0002F8FF3 /* BWStationAnnotationView.swift */; };
		03405A1D1DF933EF00289442 /* BWUser.swift in Sources */ = {isa = PBXBuildFile; fileRef = 03405A1C1DF933EF00289442 /* BWUser.swift */; };
		0347F8BE1E013CEB004CE074 /* BWConversationViewController.swift in Sources */ = {isa = PBXBuildFile; fileRef = 0347F8BD1E013CEB004CE074 /* BWConversationViewController.swift */; };
		036D887F1DFBFA5B0086C9E3 /* BWMessageListViewController.swift in Sources */ = {isa = PBXBuildFile; fileRef = 036D887E1DFBFA5B0086C9E3 /* BWMessageListViewController.swift */; };
		038AA2211DCF7484003CF0A3 /* BWMainViewController.swift in Sources */ = {isa = PBXBuildFile; fileRef = 038AA2201DCF7484003CF0A3 /* BWMainViewController.swift */; };
		03B6713F1DCF85D700CA135A /* BWUserCenterTableViewController.swift in Sources */ = {isa = PBXBuildFile; fileRef = 03B6713E1DCF85D700CA135A /* BWUserCenterTableViewController.swift */; };
		03EB8BC51E0118EC00894495 /* BWSettingTableViewController.swift in Sources */ = {isa = PBXBuildFile; fileRef = 03EB8BC41E0118EC00894495 /* BWSettingTableViewController.swift */; };
		03FB92321DCEDFA700C417BE /* Assets.xcassets in Resources */ = {isa = PBXBuildFile; fileRef = 03FB92311DCEDFA700C417BE /* Assets.xcassets */; };
		13362E6B93D40C61E886E6E7 /* Pods_BestWay.framework in Frameworks */ = {isa = PBXBuildFile; fileRef = E00A6A4D849CD7EFE23A2FD6 /* Pods_BestWay.framework */; };
		EE042FDB1E2DDCE80076A6CD /* BWBannerWebViewController.swift in Sources */ = {isa = PBXBuildFile; fileRef = EE042FD91E2DDCE80076A6CD /* BWBannerWebViewController.swift */; };
		EE042FDE1E2E01E20076A6CD /* BWBannerWebViewController.xib in Resources */ = {isa = PBXBuildFile; fileRef = EE042FDD1E2E01E20076A6CD /* BWBannerWebViewController.xib */; };
		EE0637ED1E7BDCA900977756 /* BWStationCalloutView.swift in Sources */ = {isa = PBXBuildFile; fileRef = EE0637EC1E7BDCA900977756 /* BWStationCalloutView.swift */; };
		EE08DB2F1E88F5C9006CEB76 /* BWLostAndFoundViewController.swift in Sources */ = {isa = PBXBuildFile; fileRef = EE08DB2E1E88F5C9006CEB76 /* BWLostAndFoundViewController.swift */; };
		EE08DB321E88F8BD006CEB76 /* BWSegmentControl.swift in Sources */ = {isa = PBXBuildFile; fileRef = EE08DB311E88F8BD006CEB76 /* BWSegmentControl.swift */; };
		EE08DB341E88F8DC006CEB76 /* BWSegmentPattern.swift in Sources */ = {isa = PBXBuildFile; fileRef = EE08DB331E88F8DB006CEB76 /* BWSegmentPattern.swift */; };
		EE12C5581EAA23B200555AA1 /* BWAddLostAndFoundInfoViewController.swift in Sources */ = {isa = PBXBuildFile; fileRef = EE12C5571EAA23B200555AA1 /* BWAddLostAndFoundInfoViewController.swift */; };
		EE13C9331E6BFC7A008E5289 /* BWDropBoxView.swift in Sources */ = {isa = PBXBuildFile; fileRef = EE13C9321E6BFC7A008E5289 /* BWDropBoxView.swift */; };
		EE13D7401E6A98EE007D1635 /* BWExpressAddAlertView.swift in Sources */ = {isa = PBXBuildFile; fileRef = EE13D73F1E6A98EE007D1635 /* BWExpressAddAlertView.swift */; };
		EE1C04871EBF312D001D5689 /* BWReportTableViewController.swift in Sources */ = {isa = PBXBuildFile; fileRef = EE1C04861EBF312D001D5689 /* BWReportTableViewController.swift */; };
		EE1C04891EBF7629001D5689 /* BWAddReportEvidenceViewController.swift in Sources */ = {isa = PBXBuildFile; fileRef = EE1C04881EBF7629001D5689 /* BWAddReportEvidenceViewController.swift */; };
		EE1C048B1EC0AB70001D5689 /* BWCalendarViewController.swift in Sources */ = {isa = PBXBuildFile; fileRef = EE1C048A1EC0AB70001D5689 /* BWCalendarViewController.swift */; };
		EE1C048D1EC152E0001D5689 /* BWUserViewController.swift in Sources */ = {isa = PBXBuildFile; fileRef = EE1C048C1EC152E0001D5689 /* BWUserViewController.swift */; };
		EE23AC3B1F30A2DC00343310 /* BWDatabaseOperations.swift in Sources */ = {isa = PBXBuildFile; fileRef = EE23AC3A1F30A2DC00343310 /* BWDatabaseOperations.swift */; };
		EE2A98521EBB370E000ED972 /* BWTextViewTableViewCell.swift in Sources */ = {isa = PBXBuildFile; fileRef = EE2A98511EBB370E000ED972 /* BWTextViewTableViewCell.swift */; };
		EE2A98541EBB790B000ED972 /* BWPlaceholderTextView.swift in Sources */ = {isa = PBXBuildFile; fileRef = EE2A98531EBB790B000ED972 /* BWPlaceholderTextView.swift */; };
		EE2BF4A21ECF3AE6002FF242 /* BWScoreTableViewCell.swift in Sources */ = {isa = PBXBuildFile; fileRef = EE2BF4A01ECF3AE6002FF242 /* BWScoreTableViewCell.swift */; };
		EE2BF4A31ECF3AE6002FF242 /* BWScoreTableViewCell.xib in Resources */ = {isa = PBXBuildFile; fileRef = EE2BF4A11ECF3AE6002FF242 /* BWScoreTableViewCell.xib */; };
		EE2EE6A21F937D280015CE93 /* BWUserCenterViewController.swift in Sources */ = {isa = PBXBuildFile; fileRef = EE2EE6A11F937D280015CE93 /* BWUserCenterViewController.swift */; };
		EE3253041F248B5C008174A8 /* BWTimetableViewController.swift in Sources */ = {isa = PBXBuildFile; fileRef = EE3253031F248B5C008174A8 /* BWTimetableViewController.swift */; };
		EE3253061F248DD5008174A8 /* BWCourseDetailsViewController.swift in Sources */ = {isa = PBXBuildFile; fileRef = EE3253051F248DD5008174A8 /* BWCourseDetailsViewController.swift */; };
		EE32530A1F249833008174A8 /* BWCourse.swift in Sources */ = {isa = PBXBuildFile; fileRef = EE3253091F249833008174A8 /* BWCourse.swift */; };
		EE32530F1F249CB2008174A8 /* BWCurriculumDateCollectionViewCell.swift in Sources */ = {isa = PBXBuildFile; fileRef = EE32530D1F249CB2008174A8 /* BWCurriculumDateCollectionViewCell.swift */; };
		EE3253101F249CB2008174A8 /* BWCurriculumDateCollectionViewCell.xib in Resources */ = {isa = PBXBuildFile; fileRef = EE32530E1F249CB2008174A8 /* BWCurriculumDateCollectionViewCell.xib */; };
		EE3253131F249CC5008174A8 /* BWCurriculumCourseCollectionViewCell.swift in Sources */ = {isa = PBXBuildFile; fileRef = EE3253111F249CC5008174A8 /* BWCurriculumCourseCollectionViewCell.swift */; };
		EE3253141F249CC5008174A8 /* BWCurriculumCourseCollectionViewCell.xib in Resources */ = {isa = PBXBuildFile; fileRef = EE3253121F249CC5008174A8 /* BWCurriculumCourseCollectionViewCell.xib */; };
		EE3379481ED2BFF600962191 /* BWSituationAndPolicyTableViewCell.swift in Sources */ = {isa = PBXBuildFile; fileRef = EE3379461ED2BFF600962191 /* BWSituationAndPolicyTableViewCell.swift */; };
		EE3379491ED2BFF600962191 /* BWSituationAndPolicyTableViewCell.xib in Resources */ = {isa = PBXBuildFile; fileRef = EE3379471ED2BFF600962191 /* BWSituationAndPolicyTableViewCell.xib */; };
		EE33794B1ED2D3A000962191 /* BWSituationAndPolicyDetailViewController.swift in Sources */ = {isa = PBXBuildFile; fileRef = EE33794A1ED2D3A000962191 /* BWSituationAndPolicyDetailViewController.swift */; };
		EE41A1A21E10BF90001AEE77 /* BWExpressViewController.swift in Sources */ = {isa = PBXBuildFile; fileRef = EE41A1A11E10BF90001AEE77 /* BWExpressViewController.swift */; };
		EE4FED1E1F67B249009F6F63 /* libsqlite3.0.tbd in Frameworks */ = {isa = PBXBuildFile; fileRef = EE45582C1F38BBCE00CD0F83 /* libsqlite3.0.tbd */; };
		EE5652961EAB36B000C4A770 /* BWTextFieldTableViewCell.swift in Sources */ = {isa = PBXBuildFile; fileRef = EE5652951EAB36B000C4A770 /* BWTextFieldTableViewCell.swift */; };
		EE5D3A1C1ECE8F50007976EC /* BWScoreSearchingViewController.swift in Sources */ = {isa = PBXBuildFile; fileRef = EE5D3A1B1ECE8F50007976EC /* BWScoreSearchingViewController.swift */; };
		EE62FF871ED08F07000A2B4C /* BWExaminationSearchingViewController.swift in Sources */ = {isa = PBXBuildFile; fileRef = EE62FF861ED08F07000A2B4C /* BWExaminationSearchingViewController.swift */; };
		EE62FF8A1ED0A0C8000A2B4C /* BWExamTableViewCell.swift in Sources */ = {isa = PBXBuildFile; fileRef = EE62FF881ED0A0C8000A2B4C /* BWExamTableViewCell.swift */; };
		EE62FF8B1ED0A0C8000A2B4C /* BWExamTableViewCell.xib in Resources */ = {isa = PBXBuildFile; fileRef = EE62FF891ED0A0C8000A2B4C /* BWExamTableViewCell.xib */; };
		EE62FF8D1ED1EA68000A2B4C /* BWSituationAndPolicyViewController.swift in Sources */ = {isa = PBXBuildFile; fileRef = EE62FF8C1ED1EA68000A2B4C /* BWSituationAndPolicyViewController.swift */; };
		EE722AE51EB1983E00EF7D98 /* BWAddPhotoTableViewCell.swift in Sources */ = {isa = PBXBuildFile; fileRef = EE722AE41EB1983E00EF7D98 /* BWAddPhotoTableViewCell.swift */; };
		EE722AE71EB19CFD00EF7D98 /* BWAddPhotoCollectionViewCell.swift in Sources */ = {isa = PBXBuildFile; fileRef = EE722AE61EB19CFD00EF7D98 /* BWAddPhotoCollectionViewCell.swift */; };
		EE722AEB1EB23D2900EF7D98 /* BWAlbumImagePickerTableViewController.swift in Sources */ = {isa = PBXBuildFile; fileRef = EE722AEA1EB23D2900EF7D98 /* BWAlbumImagePickerTableViewController.swift */; };
		EE722AED1EB23D4700EF7D98 /* BWAlbumImageCollectionViewController.swift in Sources */ = {isa = PBXBuildFile; fileRef = EE722AEC1EB23D4700EF7D98 /* BWAlbumImageCollectionViewController.swift */; };
		EE722AEF1EB23D7E00EF7D98 /* BWAlbumImagePickerTableViewCell.swift in Sources */ = {isa = PBXBuildFile; fileRef = EE722AEE1EB23D7E00EF7D98 /* BWAlbumImagePickerTableViewCell.swift */; };
		EE722AF11EB23DA000EF7D98 /* BWAlbumImageCollectionViewCell.swift in Sources */ = {isa = PBXBuildFile; fileRef = EE722AF01EB23DA000EF7D98 /* BWAlbumImageCollectionViewCell.swift */; };
		EE722AF41EB23DE800EF7D98 /* BWAlbumImageCompleteButton.swift in Sources */ = {isa = PBXBuildFile; fileRef = EE722AF31EB23DE800EF7D98 /* BWAlbumImageCompleteButton.swift */; };
		EE722AF61EB23EAD00EF7D98 /* BWAlbumImagePicker.storyboard in Resources */ = {isa = PBXBuildFile; fileRef = EE722AF51EB23EAD00EF7D98 /* BWAlbumImagePicker.storyboard */; };
		EE764D7A1EC6B39E00720DE3 /* BWSingleLostAndFoundViewController.swift in Sources */ = {isa = PBXBuildFile; fileRef = EE764D791EC6B39E00720DE3 /* BWSingleLostAndFoundViewController.swift */; };
		EE764D7C1EC8422B00720DE3 /* BWFleaMarketViewController.swift in Sources */ = {isa = PBXBuildFile; fileRef = EE764D7B1EC8422B00720DE3 /* BWFleaMarketViewController.swift */; };
		EE764D801EC8516100720DE3 /* BWFleaMarketCollectionViewCell.swift in Sources */ = {isa = PBXBuildFile; fileRef = EE764D7E1EC8516100720DE3 /* BWFleaMarketCollectionViewCell.swift */; };
		EE764D811EC8516100720DE3 /* BWFleaMarketCollectionViewCell.xib in Resources */ = {isa = PBXBuildFile; fileRef = EE764D7F1EC8516100720DE3 /* BWFleaMarketCollectionViewCell.xib */; };
		EE855AD41ECC276A00C48BA8 /* BWFleaMarketInfoTableViewCell.swift in Sources */ = {isa = PBXBuildFile; fileRef = EE855AD21ECC276A00C48BA8 /* BWFleaMarketInfoTableViewCell.swift */; };
		EE855AD51ECC276A00C48BA8 /* BWFleaMarketInfoTableViewCell.xib in Resources */ = {isa = PBXBuildFile; fileRef = EE855AD31ECC276A00C48BA8 /* BWFleaMarketInfoTableViewCell.xib */; };
		EE855ADB1ECDF7F600C48BA8 /* BWAddFleaMarketViewController.swift in Sources */ = {isa = PBXBuildFile; fileRef = EE855ADA1ECDF7F600C48BA8 /* BWAddFleaMarketViewController.swift */; };
		EE8831C41ED5547F00E1F044 /* BWAttendanceViewController.swift in Sources */ = {isa = PBXBuildFile; fileRef = EE8831C31ED5547F00E1F044 /* BWAttendanceViewController.swift */; };
		EE8831C61ED67DE000E1F044 /* BWElectricityViewController.swift in Sources */ = {isa = PBXBuildFile; fileRef = EE8831C51ED67DE000E1F044 /* BWElectricityViewController.swift */; };
		EE8831C81ED964F800E1F044 /* BWElectricityAlertView.swift in Sources */ = {isa = PBXBuildFile; fileRef = EE8831C71ED964F800E1F044 /* BWElectricityAlertView.swift */; };
		EE8831CA1ED9D89600E1F044 /* BWLibraryViewController.swift in Sources */ = {isa = PBXBuildFile; fileRef = EE8831C91ED9D89600E1F044 /* BWLibraryViewController.swift */; };
		EE8831CC1ED9D8D000E1F044 /* BWGradeExaminationViewController.swift in Sources */ = {isa = PBXBuildFile; fileRef = EE8831CB1ED9D8D000E1F044 /* BWGradeExaminationViewController.swift */; };
		EE8FA81B1DDC2A2000E0B262 /* BWSearchResultViewController.swift in Sources */ = {isa = PBXBuildFile; fileRef = EE8FA81A1DDC2A2000E0B262 /* BWSearchResultViewController.swift */; };
		EE8FA81D1DDC3D1100E0B262 /* Main.storyboard in Resources */ = {isa = PBXBuildFile; fileRef = EE8FA81C1DDC3D1100E0B262 /* Main.storyboard */; };
		EE9E55531EC4A84000F93B2F /* BWSingleLostAndFoundTableViewCell.swift in Sources */ = {isa = PBXBuildFile; fileRef = EE9E55511EC4A84000F93B2F /* BWSingleLostAndFoundTableViewCell.swift */; };
		EE9E55541EC4A84000F93B2F /* BWSingleLostAndFoundTableViewCell.xib in Resources */ = {isa = PBXBuildFile; fileRef = EE9E55521EC4A84000F93B2F /* BWSingleLostAndFoundTableViewCell.xib */; };
		EEA503351ECF5758008499A6 /* BWScoreStatisticsAlertView.swift in Sources */ = {isa = PBXBuildFile; fileRef = EEA503341ECF5758008499A6 /* BWScoreStatisticsAlertView.swift */; };
		EEC121531ECB4EA300217804 /* BWFleaMarketInfoViewController.swift in Sources */ = {isa = PBXBuildFile; fileRef = EEC121521ECB4EA300217804 /* BWFleaMarketInfoViewController.swift */; };
		EEC1C5881EDBCEC800DE7B86 /* BWGradeExaminationTableViewCell.swift in Sources */ = {isa = PBXBuildFile; fileRef = EEC1C5861EDBCEC800DE7B86 /* BWGradeExaminationTableViewCell.swift */; };
		EEC1C5891EDBCEC800DE7B86 /* BWGradeExaminationTableViewCell.xib in Resources */ = {isa = PBXBuildFile; fileRef = EEC1C5871EDBCEC800DE7B86 /* BWGradeExaminationTableViewCell.xib */; };
		EECA872C1E32F6170086452A /* BWCardTableViewCell.swift in Sources */ = {isa = PBXBuildFile; fileRef = EECA872A1E32F6170086452A /* BWCardTableViewCell.swift */; };
		EECA872D1E32F6170086452A /* BWCardTableViewCell.xib in Resources */ = {isa = PBXBuildFile; fileRef = EECA872B1E32F6170086452A /* BWCardTableViewCell.xib */; };
		EECA87301E333BB90086452A /* BWExpressInfoTableViewController.swift in Sources */ = {isa = PBXBuildFile; fileRef = EECA872E1E333BB90086452A /* BWExpressInfoTableViewController.swift */; };
		EECA87371E345D3A0086452A /* BWExpressInfoTableViewController.xib in Resources */ = {isa = PBXBuildFile; fileRef = EECA87361E345D3A0086452A /* BWExpressInfoTableViewController.xib */; };
		EECA873A1E345F1A0086452A /* BWIntroductionTableViewCell.swift in Sources */ = {isa = PBXBuildFile; fileRef = EECA87381E345F1A0086452A /* BWIntroductionTableViewCell.swift */; };
		EECA873B1E345F1A0086452A /* BWIntroductionTableViewCell.xib in Resources */ = {isa = PBXBuildFile; fileRef = EECA87391E345F1A0086452A /* BWIntroductionTableViewCell.xib */; };
		EEDF46301E31057B0004D2C1 /* UIImage+Custom.swift in Sources */ = {isa = PBXBuildFile; fileRef = EEDF462F1E31057B0004D2C1 /* UIImage+Custom.swift */; };
		EEDF9FE81EA8A16F00DCACA4 /* BWImageCollectionViewCell.swift in Sources */ = {isa = PBXBuildFile; fileRef = EEDF9FE61EA8A16F00DCACA4 /* BWImageCollectionViewCell.swift */; };
		EEDF9FE91EA8A16F00DCACA4 /* BWImageCollectionViewCell.xib in Resources */ = {isa = PBXBuildFile; fileRef = EEDF9FE71EA8A16F00DCACA4 /* BWImageCollectionViewCell.xib */; };
		EEDF9FEB1EA8A1E600DCACA4 /* BWImagePreviewCollectionViewCell.swift in Sources */ = {isa = PBXBuildFile; fileRef = EEDF9FEA1EA8A1E600DCACA4 /* BWImagePreviewCollectionViewCell.swift */; };
		EEDF9FEE1EA8A2E600DCACA4 /* BWLostAndFoundInfoTableViewCell.swift in Sources */ = {isa = PBXBuildFile; fileRef = EEDF9FEC1EA8A2E600DCACA4 /* BWLostAndFoundInfoTableViewCell.swift */; };
		EEDF9FEF1EA8A2E600DCACA4 /* BWLostAndFoundInfoTableViewCell.xib in Resources */ = {isa = PBXBuildFile; fileRef = EEDF9FED1EA8A2E600DCACA4 /* BWLostAndFoundInfoTableViewCell.xib */; };
		EEDF9FF11EA8AEFA00DCACA4 /* BWImagePreviewViewController.swift in Sources */ = {isa = PBXBuildFile; fileRef = EEDF9FF01EA8AEFA00DCACA4 /* BWImagePreviewViewController.swift */; };
		EEE6EA901E77C94100594C13 /* UIColor+Custom.swift in Sources */ = {isa = PBXBuildFile; fileRef = EEE6EA8F1E77C94100594C13 /* UIColor+Custom.swift */; };
		EEE6EA921E77C99200594C13 /* BWExpressHelpAlertView.swift in Sources */ = {isa = PBXBuildFile; fileRef = EEE6EA911E77C99200594C13 /* BWExpressHelpAlertView.swift */; };
		EEFB24271E09307D0071009C /* BWSquareTableViewController.swift in Sources */ = {isa = PBXBuildFile; fileRef = EEFB24261E09307D0071009C /* BWSquareTableViewController.swift */; };
/* End PBXBuildFile section */

/* Begin PBXFileReference section */
		03051AF71E0225E000F94515 /* BestWay.entitlements */ = {isa = PBXFileReference; lastKnownFileType = text.plist.entitlements; path = BestWay.entitlements; sourceTree = "<group>"; };
		03052FFD1F6998C600A5CE0B /* BestWay.db */ = {isa = PBXFileReference; lastKnownFileType = file; path = BestWay.db; sourceTree = "<group>"; };
		031B285A1DF2B4A70002B80D /* Photos.framework */ = {isa = PBXFileReference; lastKnownFileType = wrapper.framework; name = Photos.framework; path = System/Library/Frameworks/Photos.framework; sourceTree = SDKROOT; };
		031B285D1DF2C00E0002B80D /* UIAlertController+Custom.swift */ = {isa = PBXFileReference; fileEncoding = 4; lastKnownFileType = sourcecode.swift; path = "UIAlertController+Custom.swift"; sourceTree = "<group>"; };
		031B285F1DF2DB560002B80D /* BWImageUtil.swift */ = {isa = PBXFileReference; fileEncoding = 4; lastKnownFileType = sourcecode.swift; path = BWImageUtil.swift; sourceTree = "<group>"; };
		031B28611DF2E5A20002B80D /* BWRequestUtil.swift */ = {isa = PBXFileReference; fileEncoding = 4; lastKnownFileType = sourcecode.swift; path = BWRequestUtil.swift; sourceTree = "<group>"; };
		031B28651DF2F29E0002B80D /* BWDateUtil.swift */ = {isa = PBXFileReference; fileEncoding = 4; lastKnownFileType = sourcecode.swift; path = BWDateUtil.swift; sourceTree = "<group>"; };
		032869071DC5F14A00B549A9 /* BestWay.app */ = {isa = PBXFileReference; explicitFileType = wrapper.application; includeInIndex = 0; path = BestWay.app; sourceTree = BUILT_PRODUCTS_DIR; };
		0328690A1DC5F14A00B549A9 /* AppDelegate.swift */ = {isa = PBXFileReference; lastKnownFileType = sourcecode.swift; path = AppDelegate.swift; sourceTree = "<group>"; };
		0328690C1DC5F14A00B549A9 /* BWLoginViewController.swift */ = {isa = PBXFileReference; lastKnownFileType = sourcecode.swift; path = BWLoginViewController.swift; sourceTree = "<group>"; };
		032869141DC5F14A00B549A9 /* Base */ = {isa = PBXFileReference; lastKnownFileType = file.storyboard; name = Base; path = Base.lproj/LaunchScreen.storyboard; sourceTree = "<group>"; };
		032869161DC5F14A00B549A9 /* Info.plist */ = {isa = PBXFileReference; lastKnownFileType = text.plist.xml; path = Info.plist; sourceTree = "<group>"; };
		03373E731DCCB324004D5B2E /* BWApiurl.swift */ = {isa = PBXFileReference; fileEncoding = 4; lastKnownFileType = sourcecode.swift; path = BWApiurl.swift; sourceTree = "<group>"; };
		033843541E68656B002F8FF3 /* BWStationAnnotation.swift */ = {isa = PBXFileReference; fileEncoding = 4; lastKnownFileType = sourcecode.swift; path = BWStationAnnotation.swift; sourceTree = "<group>"; };
		033843571E686BB0002F8FF3 /* BWStationAnnotationView.swift */ = {isa = PBXFileReference; fileEncoding = 4; lastKnownFileType = sourcecode.swift; path = BWStationAnnotationView.swift; sourceTree = "<group>"; };
		03405A1C1DF933EF00289442 /* BWUser.swift */ = {isa = PBXFileReference; fileEncoding = 4; lastKnownFileType = sourcecode.swift; path = BWUser.swift; sourceTree = "<group>"; };
		0347F8BD1E013CEB004CE074 /* BWConversationViewController.swift */ = {isa = PBXFileReference; fileEncoding = 4; lastKnownFileType = sourcecode.swift; path = BWConversationViewController.swift; sourceTree = "<group>"; };
		034BBC471E126FA800234CDB /* CFNetwork.framework */ = {isa = PBXFileReference; lastKnownFileType = wrapper.framework; name = CFNetwork.framework; path = System/Library/Frameworks/CFNetwork.framework; sourceTree = SDKROOT; };
		034BBC491E126FB200234CDB /* CoreFoundation.framework */ = {isa = PBXFileReference; lastKnownFileType = wrapper.framework; name = CoreFoundation.framework; path = System/Library/Frameworks/CoreFoundation.framework; sourceTree = SDKROOT; };
		034BBC4B1E126FBA00234CDB /* CoreTelephony.framework */ = {isa = PBXFileReference; lastKnownFileType = wrapper.framework; name = CoreTelephony.framework; path = System/Library/Frameworks/CoreTelephony.framework; sourceTree = SDKROOT; };
		034BBC4D1E126FC500234CDB /* SystemConfiguration.framework */ = {isa = PBXFileReference; lastKnownFileType = wrapper.framework; name = SystemConfiguration.framework; path = System/Library/Frameworks/SystemConfiguration.framework; sourceTree = SDKROOT; };
		034BBC4F1E126FCA00234CDB /* CoreGraphics.framework */ = {isa = PBXFileReference; lastKnownFileType = wrapper.framework; name = CoreGraphics.framework; path = System/Library/Frameworks/CoreGraphics.framework; sourceTree = SDKROOT; };
		034BBC511E126FD200234CDB /* Foundation.framework */ = {isa = PBXFileReference; lastKnownFileType = wrapper.framework; name = Foundation.framework; path = System/Library/Frameworks/Foundation.framework; sourceTree = SDKROOT; };
		034BBC531E126FDA00234CDB /* Security.framework */ = {isa = PBXFileReference; lastKnownFileType = wrapper.framework; name = Security.framework; path = System/Library/Frameworks/Security.framework; sourceTree = SDKROOT; };
		034BBC551E126FE100234CDB /* libz.tbd */ = {isa = PBXFileReference; lastKnownFileType = "sourcecode.text-based-dylib-definition"; name = libz.tbd; path = usr/lib/libz.tbd; sourceTree = SDKROOT; };
		034BBC571E126FF200234CDB /* UserNotifications.framework */ = {isa = PBXFileReference; lastKnownFileType = wrapper.framework; name = UserNotifications.framework; path = System/Library/Frameworks/UserNotifications.framework; sourceTree = SDKROOT; };
		034BBC591E126FFE00234CDB /* libresolv.tbd */ = {isa = PBXFileReference; lastKnownFileType = "sourcecode.text-based-dylib-definition"; name = libresolv.tbd; path = usr/lib/libresolv.tbd; sourceTree = SDKROOT; };
		036D887E1DFBFA5B0086C9E3 /* BWMessageListViewController.swift */ = {isa = PBXFileReference; fileEncoding = 4; lastKnownFileType = sourcecode.swift; path = BWMessageListViewController.swift; sourceTree = "<group>"; };
		038AA2201DCF7484003CF0A3 /* BWMainViewController.swift */ = {isa = PBXFileReference; fileEncoding = 4; lastKnownFileType = sourcecode.swift; path = BWMainViewController.swift; sourceTree = "<group>"; };
		03B6713E1DCF85D700CA135A /* BWUserCenterTableViewController.swift */ = {isa = PBXFileReference; fileEncoding = 4; lastKnownFileType = sourcecode.swift; path = BWUserCenterTableViewController.swift; sourceTree = "<group>"; };
		03EB8BC41E0118EC00894495 /* BWSettingTableViewController.swift */ = {isa = PBXFileReference; fileEncoding = 4; lastKnownFileType = sourcecode.swift; path = BWSettingTableViewController.swift; sourceTree = "<group>"; };
		03FB92311DCEDFA700C417BE /* Assets.xcassets */ = {isa = PBXFileReference; lastKnownFileType = folder.assetcatalog; name = Assets.xcassets; path = BestWay/Assets.xcassets; sourceTree = "<group>"; };
		850C14989A7493362A05437E /* Pods-BestWay.release.xcconfig */ = {isa = PBXFileReference; includeInIndex = 1; lastKnownFileType = text.xcconfig; name = "Pods-BestWay.release.xcconfig"; path = "Pods/Target Support Files/Pods-BestWay/Pods-BestWay.release.xcconfig"; sourceTree = "<group>"; };
		CCF52D3713496DF4723F021B /* Pods-BestWay.debug.xcconfig */ = {isa = PBXFileReference; includeInIndex = 1; lastKnownFileType = text.xcconfig; name = "Pods-BestWay.debug.xcconfig"; path = "Pods/Target Support Files/Pods-BestWay/Pods-BestWay.debug.xcconfig"; sourceTree = "<group>"; };
		E00A6A4D849CD7EFE23A2FD6 /* Pods_BestWay.framework */ = {isa = PBXFileReference; explicitFileType = wrapper.framework; includeInIndex = 0; path = Pods_BestWay.framework; sourceTree = BUILT_PRODUCTS_DIR; };
		EE042FD91E2DDCE80076A6CD /* BWBannerWebViewController.swift */ = {isa = PBXFileReference; fileEncoding = 4; lastKnownFileType = sourcecode.swift; path = BWBannerWebViewController.swift; sourceTree = "<group>"; };
		EE042FDD1E2E01E20076A6CD /* BWBannerWebViewController.xib */ = {isa = PBXFileReference; fileEncoding = 4; lastKnownFileType = file.xib; path = BWBannerWebViewController.xib; sourceTree = "<group>"; };
		EE0637EC1E7BDCA900977756 /* BWStationCalloutView.swift */ = {isa = PBXFileReference; fileEncoding = 4; lastKnownFileType = sourcecode.swift; path = BWStationCalloutView.swift; sourceTree = "<group>"; };
		EE08DB2E1E88F5C9006CEB76 /* BWLostAndFoundViewController.swift */ = {isa = PBXFileReference; fileEncoding = 4; lastKnownFileType = sourcecode.swift; path = BWLostAndFoundViewController.swift; sourceTree = "<group>"; };
		EE08DB311E88F8BD006CEB76 /* BWSegmentControl.swift */ = {isa = PBXFileReference; fileEncoding = 4; lastKnownFileType = sourcecode.swift; path = BWSegmentControl.swift; sourceTree = "<group>"; };
		EE08DB331E88F8DB006CEB76 /* BWSegmentPattern.swift */ = {isa = PBXFileReference; fileEncoding = 4; lastKnownFileType = sourcecode.swift; path = BWSegmentPattern.swift; sourceTree = "<group>"; };
		EE12C5571EAA23B200555AA1 /* BWAddLostAndFoundInfoViewController.swift */ = {isa = PBXFileReference; fileEncoding = 4; lastKnownFileType = sourcecode.swift; path = BWAddLostAndFoundInfoViewController.swift; sourceTree = "<group>"; };
		EE13C9321E6BFC7A008E5289 /* BWDropBoxView.swift */ = {isa = PBXFileReference; fileEncoding = 4; lastKnownFileType = sourcecode.swift; path = BWDropBoxView.swift; sourceTree = "<group>"; };
		EE13D73F1E6A98EE007D1635 /* BWExpressAddAlertView.swift */ = {isa = PBXFileReference; fileEncoding = 4; lastKnownFileType = sourcecode.swift; path = BWExpressAddAlertView.swift; sourceTree = "<group>"; };
		EE1C04861EBF312D001D5689 /* BWReportTableViewController.swift */ = {isa = PBXFileReference; fileEncoding = 4; lastKnownFileType = sourcecode.swift; path = BWReportTableViewController.swift; sourceTree = "<group>"; };
		EE1C04881EBF7629001D5689 /* BWAddReportEvidenceViewController.swift */ = {isa = PBXFileReference; fileEncoding = 4; lastKnownFileType = sourcecode.swift; path = BWAddReportEvidenceViewController.swift; sourceTree = "<group>"; };
		EE1C048A1EC0AB70001D5689 /* BWCalendarViewController.swift */ = {isa = PBXFileReference; fileEncoding = 4; lastKnownFileType = sourcecode.swift; path = BWCalendarViewController.swift; sourceTree = "<group>"; };
		EE1C048C1EC152E0001D5689 /* BWUserViewController.swift */ = {isa = PBXFileReference; fileEncoding = 4; lastKnownFileType = sourcecode.swift; path = BWUserViewController.swift; sourceTree = "<group>"; };
		EE23AC3A1F30A2DC00343310 /* BWDatabaseOperations.swift */ = {isa = PBXFileReference; fileEncoding = 4; lastKnownFileType = sourcecode.swift; path = BWDatabaseOperations.swift; sourceTree = "<group>"; };
		EE2A98511EBB370E000ED972 /* BWTextViewTableViewCell.swift */ = {isa = PBXFileReference; fileEncoding = 4; lastKnownFileType = sourcecode.swift; path = BWTextViewTableViewCell.swift; sourceTree = "<group>"; };
		EE2A98531EBB790B000ED972 /* BWPlaceholderTextView.swift */ = {isa = PBXFileReference; fileEncoding = 4; lastKnownFileType = sourcecode.swift; path = BWPlaceholderTextView.swift; sourceTree = "<group>"; };
		EE2BF4A01ECF3AE6002FF242 /* BWScoreTableViewCell.swift */ = {isa = PBXFileReference; fileEncoding = 4; lastKnownFileType = sourcecode.swift; path = BWScoreTableViewCell.swift; sourceTree = "<group>"; };
		EE2BF4A11ECF3AE6002FF242 /* BWScoreTableViewCell.xib */ = {isa = PBXFileReference; fileEncoding = 4; lastKnownFileType = file.xib; path = BWScoreTableViewCell.xib; sourceTree = "<group>"; };
		EE2EE6A11F937D280015CE93 /* BWUserCenterViewController.swift */ = {isa = PBXFileReference; lastKnownFileType = sourcecode.swift; path = BWUserCenterViewController.swift; sourceTree = "<group>"; };
		EE3253031F248B5C008174A8 /* BWTimetableViewController.swift */ = {isa = PBXFileReference; fileEncoding = 4; lastKnownFileType = sourcecode.swift; path = BWTimetableViewController.swift; sourceTree = "<group>"; };
		EE3253051F248DD5008174A8 /* BWCourseDetailsViewController.swift */ = {isa = PBXFileReference; fileEncoding = 4; lastKnownFileType = sourcecode.swift; path = BWCourseDetailsViewController.swift; sourceTree = "<group>"; };
		EE3253091F249833008174A8 /* BWCourse.swift */ = {isa = PBXFileReference; fileEncoding = 4; lastKnownFileType = sourcecode.swift; path = BWCourse.swift; sourceTree = "<group>"; };
		EE32530D1F249CB2008174A8 /* BWCurriculumDateCollectionViewCell.swift */ = {isa = PBXFileReference; fileEncoding = 4; lastKnownFileType = sourcecode.swift; path = BWCurriculumDateCollectionViewCell.swift; sourceTree = "<group>"; };
		EE32530E1F249CB2008174A8 /* BWCurriculumDateCollectionViewCell.xib */ = {isa = PBXFileReference; fileEncoding = 4; lastKnownFileType = file.xib; path = BWCurriculumDateCollectionViewCell.xib; sourceTree = "<group>"; };
		EE3253111F249CC5008174A8 /* BWCurriculumCourseCollectionViewCell.swift */ = {isa = PBXFileReference; fileEncoding = 4; lastKnownFileType = sourcecode.swift; path = BWCurriculumCourseCollectionViewCell.swift; sourceTree = "<group>"; };
		EE3253121F249CC5008174A8 /* BWCurriculumCourseCollectionViewCell.xib */ = {isa = PBXFileReference; fileEncoding = 4; lastKnownFileType = file.xib; path = BWCurriculumCourseCollectionViewCell.xib; sourceTree = "<group>"; };
		EE3379461ED2BFF600962191 /* BWSituationAndPolicyTableViewCell.swift */ = {isa = PBXFileReference; fileEncoding = 4; lastKnownFileType = sourcecode.swift; path = BWSituationAndPolicyTableViewCell.swift; sourceTree = "<group>"; };
		EE3379471ED2BFF600962191 /* BWSituationAndPolicyTableViewCell.xib */ = {isa = PBXFileReference; fileEncoding = 4; lastKnownFileType = file.xib; path = BWSituationAndPolicyTableViewCell.xib; sourceTree = "<group>"; };
		EE33794A1ED2D3A000962191 /* BWSituationAndPolicyDetailViewController.swift */ = {isa = PBXFileReference; fileEncoding = 4; lastKnownFileType = sourcecode.swift; path = BWSituationAndPolicyDetailViewController.swift; sourceTree = "<group>"; };
		EE41A1A11E10BF90001AEE77 /* BWExpressViewController.swift */ = {isa = PBXFileReference; fileEncoding = 4; lastKnownFileType = sourcecode.swift; path = BWExpressViewController.swift; sourceTree = "<group>"; };
		EE45582C1F38BBCE00CD0F83 /* libsqlite3.0.tbd */ = {isa = PBXFileReference; lastKnownFileType = "sourcecode.text-based-dylib-definition"; name = libsqlite3.0.tbd; path = usr/lib/libsqlite3.0.tbd; sourceTree = SDKROOT; };
		EE4A1FAC1DD36BD900F95F5E /* BestWay-Bridging-Header.h */ = {isa = PBXFileReference; fileEncoding = 4; lastKnownFileType = sourcecode.c.h; path = "BestWay-Bridging-Header.h"; sourceTree = "<group>"; };
		EE5652951EAB36B000C4A770 /* BWTextFieldTableViewCell.swift */ = {isa = PBXFileReference; fileEncoding = 4; lastKnownFileType = sourcecode.swift; path = BWTextFieldTableViewCell.swift; sourceTree = "<group>"; };
		EE5D3A1B1ECE8F50007976EC /* BWScoreSearchingViewController.swift */ = {isa = PBXFileReference; fileEncoding = 4; lastKnownFileType = sourcecode.swift; path = BWScoreSearchingViewController.swift; sourceTree = "<group>"; };
		EE62FF861ED08F07000A2B4C /* BWExaminationSearchingViewController.swift */ = {isa = PBXFileReference; fileEncoding = 4; lastKnownFileType = sourcecode.swift; path = BWExaminationSearchingViewController.swift; sourceTree = "<group>"; };
		EE62FF881ED0A0C8000A2B4C /* BWExamTableViewCell.swift */ = {isa = PBXFileReference; fileEncoding = 4; lastKnownFileType = sourcecode.swift; path = BWExamTableViewCell.swift; sourceTree = "<group>"; };
		EE62FF891ED0A0C8000A2B4C /* BWExamTableViewCell.xib */ = {isa = PBXFileReference; fileEncoding = 4; lastKnownFileType = file.xib; path = BWExamTableViewCell.xib; sourceTree = "<group>"; };
		EE62FF8C1ED1EA68000A2B4C /* BWSituationAndPolicyViewController.swift */ = {isa = PBXFileReference; fileEncoding = 4; lastKnownFileType = sourcecode.swift; path = BWSituationAndPolicyViewController.swift; sourceTree = "<group>"; };
		EE722AE41EB1983E00EF7D98 /* BWAddPhotoTableViewCell.swift */ = {isa = PBXFileReference; fileEncoding = 4; lastKnownFileType = sourcecode.swift; path = BWAddPhotoTableViewCell.swift; sourceTree = "<group>"; };
		EE722AE61EB19CFD00EF7D98 /* BWAddPhotoCollectionViewCell.swift */ = {isa = PBXFileReference; fileEncoding = 4; lastKnownFileType = sourcecode.swift; path = BWAddPhotoCollectionViewCell.swift; sourceTree = "<group>"; };
		EE722AEA1EB23D2900EF7D98 /* BWAlbumImagePickerTableViewController.swift */ = {isa = PBXFileReference; fileEncoding = 4; lastKnownFileType = sourcecode.swift; path = BWAlbumImagePickerTableViewController.swift; sourceTree = "<group>"; };
		EE722AEC1EB23D4700EF7D98 /* BWAlbumImageCollectionViewController.swift */ = {isa = PBXFileReference; fileEncoding = 4; lastKnownFileType = sourcecode.swift; path = BWAlbumImageCollectionViewController.swift; sourceTree = "<group>"; };
		EE722AEE1EB23D7E00EF7D98 /* BWAlbumImagePickerTableViewCell.swift */ = {isa = PBXFileReference; fileEncoding = 4; lastKnownFileType = sourcecode.swift; path = BWAlbumImagePickerTableViewCell.swift; sourceTree = "<group>"; };
		EE722AF01EB23DA000EF7D98 /* BWAlbumImageCollectionViewCell.swift */ = {isa = PBXFileReference; fileEncoding = 4; lastKnownFileType = sourcecode.swift; path = BWAlbumImageCollectionViewCell.swift; sourceTree = "<group>"; };
		EE722AF31EB23DE800EF7D98 /* BWAlbumImageCompleteButton.swift */ = {isa = PBXFileReference; fileEncoding = 4; lastKnownFileType = sourcecode.swift; path = BWAlbumImageCompleteButton.swift; sourceTree = "<group>"; };
		EE722AF51EB23EAD00EF7D98 /* BWAlbumImagePicker.storyboard */ = {isa = PBXFileReference; fileEncoding = 4; lastKnownFileType = file.storyboard; path = BWAlbumImagePicker.storyboard; sourceTree = "<group>"; };
		EE764D791EC6B39E00720DE3 /* BWSingleLostAndFoundViewController.swift */ = {isa = PBXFileReference; fileEncoding = 4; lastKnownFileType = sourcecode.swift; path = BWSingleLostAndFoundViewController.swift; sourceTree = "<group>"; };
		EE764D7B1EC8422B00720DE3 /* BWFleaMarketViewController.swift */ = {isa = PBXFileReference; fileEncoding = 4; lastKnownFileType = sourcecode.swift; path = BWFleaMarketViewController.swift; sourceTree = "<group>"; };
		EE764D7E1EC8516100720DE3 /* BWFleaMarketCollectionViewCell.swift */ = {isa = PBXFileReference; fileEncoding = 4; lastKnownFileType = sourcecode.swift; path = BWFleaMarketCollectionViewCell.swift; sourceTree = "<group>"; };
		EE764D7F1EC8516100720DE3 /* BWFleaMarketCollectionViewCell.xib */ = {isa = PBXFileReference; fileEncoding = 4; lastKnownFileType = file.xib; path = BWFleaMarketCollectionViewCell.xib; sourceTree = "<group>"; };
		EE855AD21ECC276A00C48BA8 /* BWFleaMarketInfoTableViewCell.swift */ = {isa = PBXFileReference; fileEncoding = 4; lastKnownFileType = sourcecode.swift; path = BWFleaMarketInfoTableViewCell.swift; sourceTree = "<group>"; };
		EE855AD31ECC276A00C48BA8 /* BWFleaMarketInfoTableViewCell.xib */ = {isa = PBXFileReference; fileEncoding = 4; lastKnownFileType = file.xib; path = BWFleaMarketInfoTableViewCell.xib; sourceTree = "<group>"; };
		EE855ADA1ECDF7F600C48BA8 /* BWAddFleaMarketViewController.swift */ = {isa = PBXFileReference; fileEncoding = 4; lastKnownFileType = sourcecode.swift; path = BWAddFleaMarketViewController.swift; sourceTree = "<group>"; };
		EE8831C31ED5547F00E1F044 /* BWAttendanceViewController.swift */ = {isa = PBXFileReference; fileEncoding = 4; lastKnownFileType = sourcecode.swift; path = BWAttendanceViewController.swift; sourceTree = "<group>"; };
		EE8831C51ED67DE000E1F044 /* BWElectricityViewController.swift */ = {isa = PBXFileReference; fileEncoding = 4; lastKnownFileType = sourcecode.swift; path = BWElectricityViewController.swift; sourceTree = "<group>"; };
		EE8831C71ED964F800E1F044 /* BWElectricityAlertView.swift */ = {isa = PBXFileReference; fileEncoding = 4; lastKnownFileType = sourcecode.swift; path = BWElectricityAlertView.swift; sourceTree = "<group>"; };
		EE8831C91ED9D89600E1F044 /* BWLibraryViewController.swift */ = {isa = PBXFileReference; fileEncoding = 4; lastKnownFileType = sourcecode.swift; path = BWLibraryViewController.swift; sourceTree = "<group>"; };
		EE8831CB1ED9D8D000E1F044 /* BWGradeExaminationViewController.swift */ = {isa = PBXFileReference; fileEncoding = 4; lastKnownFileType = sourcecode.swift; path = BWGradeExaminationViewController.swift; sourceTree = "<group>"; };
		EE8FA81A1DDC2A2000E0B262 /* BWSearchResultViewController.swift */ = {isa = PBXFileReference; fileEncoding = 4; lastKnownFileType = sourcecode.swift; path = BWSearchResultViewController.swift; sourceTree = "<group>"; };
		EE8FA81C1DDC3D1100E0B262 /* Main.storyboard */ = {isa = PBXFileReference; fileEncoding = 4; lastKnownFileType = file.storyboard; path = Main.storyboard; sourceTree = "<group>"; };
		EE9E55511EC4A84000F93B2F /* BWSingleLostAndFoundTableViewCell.swift */ = {isa = PBXFileReference; fileEncoding = 4; lastKnownFileType = sourcecode.swift; path = BWSingleLostAndFoundTableViewCell.swift; sourceTree = "<group>"; };
		EE9E55521EC4A84000F93B2F /* BWSingleLostAndFoundTableViewCell.xib */ = {isa = PBXFileReference; fileEncoding = 4; lastKnownFileType = file.xib; path = BWSingleLostAndFoundTableViewCell.xib; sourceTree = "<group>"; };
		EEA0CB511F26170D00B16AF4 /* FMDB.framework */ = {isa = PBXFileReference; lastKnownFileType = wrapper.framework; name = FMDB.framework; path = "../../Library/Developer/Xcode/DerivedData/BestWay-gwjkcczqcfxrihhhhrpjsxvloedc/Build/Products/Debug-iphonesimulator/FMDB/FMDB.framework"; sourceTree = "<group>"; };
		EEA503341ECF5758008499A6 /* BWScoreStatisticsAlertView.swift */ = {isa = PBXFileReference; fileEncoding = 4; lastKnownFileType = sourcecode.swift; path = BWScoreStatisticsAlertView.swift; sourceTree = "<group>"; };
		EEC121521ECB4EA300217804 /* BWFleaMarketInfoViewController.swift */ = {isa = PBXFileReference; fileEncoding = 4; lastKnownFileType = sourcecode.swift; path = BWFleaMarketInfoViewController.swift; sourceTree = "<group>"; };
		EEC1C5861EDBCEC800DE7B86 /* BWGradeExaminationTableViewCell.swift */ = {isa = PBXFileReference; fileEncoding = 4; lastKnownFileType = sourcecode.swift; path = BWGradeExaminationTableViewCell.swift; sourceTree = "<group>"; };
		EEC1C5871EDBCEC800DE7B86 /* BWGradeExaminationTableViewCell.xib */ = {isa = PBXFileReference; fileEncoding = 4; lastKnownFileType = file.xib; path = BWGradeExaminationTableViewCell.xib; sourceTree = "<group>"; };
		EECA872A1E32F6170086452A /* BWCardTableViewCell.swift */ = {isa = PBXFileReference; fileEncoding = 4; lastKnownFileType = sourcecode.swift; path = BWCardTableViewCell.swift; sourceTree = "<group>"; };
		EECA872B1E32F6170086452A /* BWCardTableViewCell.xib */ = {isa = PBXFileReference; fileEncoding = 4; lastKnownFileType = file.xib; path = BWCardTableViewCell.xib; sourceTree = "<group>"; };
		EECA872E1E333BB90086452A /* BWExpressInfoTableViewController.swift */ = {isa = PBXFileReference; fileEncoding = 4; lastKnownFileType = sourcecode.swift; path = BWExpressInfoTableViewController.swift; sourceTree = "<group>"; };
		EECA87361E345D3A0086452A /* BWExpressInfoTableViewController.xib */ = {isa = PBXFileReference; fileEncoding = 4; lastKnownFileType = file.xib; path = BWExpressInfoTableViewController.xib; sourceTree = "<group>"; };
		EECA87381E345F1A0086452A /* BWIntroductionTableViewCell.swift */ = {isa = PBXFileReference; fileEncoding = 4; lastKnownFileType = sourcecode.swift; path = BWIntroductionTableViewCell.swift; sourceTree = "<group>"; };
		EECA87391E345F1A0086452A /* BWIntroductionTableViewCell.xib */ = {isa = PBXFileReference; fileEncoding = 4; lastKnownFileType = file.xib; path = BWIntroductionTableViewCell.xib; sourceTree = "<group>"; };
		EEDF462F1E31057B0004D2C1 /* UIImage+Custom.swift */ = {isa = PBXFileReference; fileEncoding = 4; lastKnownFileType = sourcecode.swift; path = "UIImage+Custom.swift"; sourceTree = "<group>"; };
		EEDF9FE61EA8A16F00DCACA4 /* BWImageCollectionViewCell.swift */ = {isa = PBXFileReference; fileEncoding = 4; lastKnownFileType = sourcecode.swift; path = BWImageCollectionViewCell.swift; sourceTree = "<group>"; };
		EEDF9FE71EA8A16F00DCACA4 /* BWImageCollectionViewCell.xib */ = {isa = PBXFileReference; fileEncoding = 4; lastKnownFileType = file.xib; path = BWImageCollectionViewCell.xib; sourceTree = "<group>"; };
		EEDF9FEA1EA8A1E600DCACA4 /* BWImagePreviewCollectionViewCell.swift */ = {isa = PBXFileReference; fileEncoding = 4; lastKnownFileType = sourcecode.swift; path = BWImagePreviewCollectionViewCell.swift; sourceTree = "<group>"; };
		EEDF9FEC1EA8A2E600DCACA4 /* BWLostAndFoundInfoTableViewCell.swift */ = {isa = PBXFileReference; fileEncoding = 4; lastKnownFileType = sourcecode.swift; path = BWLostAndFoundInfoTableViewCell.swift; sourceTree = "<group>"; };
		EEDF9FED1EA8A2E600DCACA4 /* BWLostAndFoundInfoTableViewCell.xib */ = {isa = PBXFileReference; fileEncoding = 4; lastKnownFileType = file.xib; path = BWLostAndFoundInfoTableViewCell.xib; sourceTree = "<group>"; };
		EEDF9FF01EA8AEFA00DCACA4 /* BWImagePreviewViewController.swift */ = {isa = PBXFileReference; fileEncoding = 4; lastKnownFileType = sourcecode.swift; path = BWImagePreviewViewController.swift; sourceTree = "<group>"; };
		EEE6EA8F1E77C94100594C13 /* UIColor+Custom.swift */ = {isa = PBXFileReference; fileEncoding = 4; lastKnownFileType = sourcecode.swift; path = "UIColor+Custom.swift"; sourceTree = "<group>"; };
		EEE6EA911E77C99200594C13 /* BWExpressHelpAlertView.swift */ = {isa = PBXFileReference; fileEncoding = 4; lastKnownFileType = sourcecode.swift; path = BWExpressHelpAlertView.swift; sourceTree = "<group>"; };
		EEFB24261E09307D0071009C /* BWSquareTableViewController.swift */ = {isa = PBXFileReference; fileEncoding = 4; lastKnownFileType = sourcecode.swift; path = BWSquareTableViewController.swift; sourceTree = "<group>"; };
/* End PBXFileReference section */

/* Begin PBXFrameworksBuildPhase section */
		032869041DC5F14A00B549A9 /* Frameworks */ = {
			isa = PBXFrameworksBuildPhase;
			buildActionMask = 2147483647;
			files = (
				EE4FED1E1F67B249009F6F63 /* libsqlite3.0.tbd in Frameworks */,
				13362E6B93D40C61E886E6E7 /* Pods_BestWay.framework in Frameworks */,
			);
			runOnlyForDeploymentPostprocessing = 0;
		};
/* End PBXFrameworksBuildPhase section */

/* Begin PBXGroup section */
		031B285C1DF2BC5B0002B80D /* Utils */ = {
			isa = PBXGroup;
			children = (
				031B285D1DF2C00E0002B80D /* UIAlertController+Custom.swift */,
				031B285F1DF2DB560002B80D /* BWImageUtil.swift */,
				031B28611DF2E5A20002B80D /* BWRequestUtil.swift */,
				031B28651DF2F29E0002B80D /* BWDateUtil.swift */,
				EEDF462F1E31057B0004D2C1 /* UIImage+Custom.swift */,
				EEE6EA8F1E77C94100594C13 /* UIColor+Custom.swift */,
				EE23AC3A1F30A2DC00343310 /* BWDatabaseOperations.swift */,
			);
			name = Utils;
			sourceTree = "<group>";
		};
		032868FE1DC5F14A00B549A9 = {
			isa = PBXGroup;
			children = (
				03052FFD1F6998C600A5CE0B /* BestWay.db */,
				EE4A1FAC1DD36BD900F95F5E /* BestWay-Bridging-Header.h */,
				032869091DC5F14A00B549A9 /* BestWay */,
				03FB92311DCEDFA700C417BE /* Assets.xcassets */,
				032869081DC5F14A00B549A9 /* Products */,
				91FCFE8639EC0BEE9F4EC790 /* Pods */,
				5932872218632C867A910608 /* Frameworks */,
			);
			sourceTree = "<group>";
		};
		032869081DC5F14A00B549A9 /* Products */ = {
			isa = PBXGroup;
			children = (
				032869071DC5F14A00B549A9 /* BestWay.app */,
			);
			name = Products;
			sourceTree = "<group>";
		};
		032869091DC5F14A00B549A9 /* BestWay */ = {
			isa = PBXGroup;
			children = (
				03051AF71E0225E000F94515 /* BestWay.entitlements */,
				031B285C1DF2BC5B0002B80D /* Utils */,
				034511D11DC62E9D005CC0AC /* Configs */,
				034511D01DC62E93005CC0AC /* Controllers */,
				034511CF1DC62E8A005CC0AC /* Views */,
				034511CE1DC62E66005CC0AC /* Models */,
			);
			path = BestWay;
			sourceTree = "<group>";
		};
		033843531E686530002F8FF3 /* Annotation */ = {
			isa = PBXGroup;
			children = (
				033843541E68656B002F8FF3 /* BWStationAnnotation.swift */,
			);
			name = Annotation;
			sourceTree = "<group>";
		};
		033843561E686B8C002F8FF3 /* BWAnnotationView */ = {
			isa = PBXGroup;
			children = (
				033843571E686BB0002F8FF3 /* BWStationAnnotationView.swift */,
			);
			name = BWAnnotationView;
			sourceTree = "<group>";
		};
		034511CE1DC62E66005CC0AC /* Models */ = {
			isa = PBXGroup;
			children = (
				033843531E686530002F8FF3 /* Annotation */,
				03405A1C1DF933EF00289442 /* BWUser.swift */,
				EE3253091F249833008174A8 /* BWCourse.swift */,
			);
			name = Models;
			sourceTree = "<group>";
		};
		034511CF1DC62E8A005CC0AC /* Views */ = {
			isa = PBXGroup;
			children = (
				EE764D7D1EC8511600720DE3 /* BWCollectionViewCells */,
				EE722AF21EB23DAD00EF7D98 /* BWButtons */,
				EEDF9FE11EA8618100DCACA4 /* BWTableViewCells */,
				EE08DB301E88F863006CEB76 /* BWSegmentController */,
				EE0637E51E7BD96600977756 /* BWCalloutView */,
				EE13C9311E6BFAC9008E5289 /* BWDropBoxView */,
				EE13D73E1E6A983A007D1635 /* BWAlertView */,
				033843561E686B8C002F8FF3 /* BWAnnotationView */,
				EECA87361E345D3A0086452A /* BWExpressInfoTableViewController.xib */,
				EE042FDD1E2E01E20076A6CD /* BWBannerWebViewController.xib */,
				EE8FA81C1DDC3D1100E0B262 /* Main.storyboard */,
				032869131DC5F14A00B549A9 /* LaunchScreen.storyboard */,
				EE722AF51EB23EAD00EF7D98 /* BWAlbumImagePicker.storyboard */,
				EE2A98531EBB790B000ED972 /* BWPlaceholderTextView.swift */,
			);
			name = Views;
			sourceTree = "<group>";
		};
		034511D01DC62E93005CC0AC /* Controllers */ = {
			isa = PBXGroup;
			children = (
				EE62FF771ED086D4000A2B4C /* Main */,
				EE62FF761ED086C4000A2B4C /* Square */,
				EE62FF781ED086DD000A2B4C /* Message */,
				EE62FF791ED086EB000A2B4C /* Me */,
				0328690C1DC5F14A00B549A9 /* BWLoginViewController.swift */,
				EEDF9FF01EA8AEFA00DCACA4 /* BWImagePreviewViewController.swift */,
				EE722AEA1EB23D2900EF7D98 /* BWAlbumImagePickerTableViewController.swift */,
				EE722AEC1EB23D4700EF7D98 /* BWAlbumImageCollectionViewController.swift */,
				EE1C04861EBF312D001D5689 /* BWReportTableViewController.swift */,
				EE1C04881EBF7629001D5689 /* BWAddReportEvidenceViewController.swift */,
				EE1C048C1EC152E0001D5689 /* BWUserViewController.swift */,
				EE764D791EC6B39E00720DE3 /* BWSingleLostAndFoundViewController.swift */,
			);
			name = Controllers;
			sourceTree = "<group>";
		};
		034511D11DC62E9D005CC0AC /* Configs */ = {
			isa = PBXGroup;
			children = (
				0328690A1DC5F14A00B549A9 /* AppDelegate.swift */,
				032869161DC5F14A00B549A9 /* Info.plist */,
				03373E731DCCB324004D5B2E /* BWApiurl.swift */,
			);
			name = Configs;
			sourceTree = "<group>";
		};
		5932872218632C867A910608 /* Frameworks */ = {
			isa = PBXGroup;
			children = (
				EE45582C1F38BBCE00CD0F83 /* libsqlite3.0.tbd */,
				EEA0CB511F26170D00B16AF4 /* FMDB.framework */,
				034BBC591E126FFE00234CDB /* libresolv.tbd */,
				034BBC571E126FF200234CDB /* UserNotifications.framework */,
				034BBC551E126FE100234CDB /* libz.tbd */,
				034BBC531E126FDA00234CDB /* Security.framework */,
				034BBC511E126FD200234CDB /* Foundation.framework */,
				034BBC4F1E126FCA00234CDB /* CoreGraphics.framework */,
				034BBC4D1E126FC500234CDB /* SystemConfiguration.framework */,
				034BBC4B1E126FBA00234CDB /* CoreTelephony.framework */,
				034BBC491E126FB200234CDB /* CoreFoundation.framework */,
				034BBC471E126FA800234CDB /* CFNetwork.framework */,
				031B285A1DF2B4A70002B80D /* Photos.framework */,
				E00A6A4D849CD7EFE23A2FD6 /* Pods_BestWay.framework */,
			);
			name = Frameworks;
			sourceTree = "<group>";
		};
		91FCFE8639EC0BEE9F4EC790 /* Pods */ = {
			isa = PBXGroup;
			children = (
				CCF52D3713496DF4723F021B /* Pods-BestWay.debug.xcconfig */,
				850C14989A7493362A05437E /* Pods-BestWay.release.xcconfig */,
			);
			name = Pods;
			sourceTree = "<group>";
		};
		EE0637E51E7BD96600977756 /* BWCalloutView */ = {
			isa = PBXGroup;
			children = (
				EE0637EC1E7BDCA900977756 /* BWStationCalloutView.swift */,
			);
			name = BWCalloutView;
			sourceTree = "<group>";
		};
		EE08DB301E88F863006CEB76 /* BWSegmentController */ = {
			isa = PBXGroup;
			children = (
				EE08DB311E88F8BD006CEB76 /* BWSegmentControl.swift */,
				EE08DB331E88F8DB006CEB76 /* BWSegmentPattern.swift */,
			);
			name = BWSegmentController;
			sourceTree = "<group>";
		};
		EE13C9311E6BFAC9008E5289 /* BWDropBoxView */ = {
			isa = PBXGroup;
			children = (
				EE13C9321E6BFC7A008E5289 /* BWDropBoxView.swift */,
			);
			name = BWDropBoxView;
			sourceTree = "<group>";
		};
		EE13D73E1E6A983A007D1635 /* BWAlertView */ = {
			isa = PBXGroup;
			children = (
				EEE6EA911E77C99200594C13 /* BWExpressHelpAlertView.swift */,
				EE13D73F1E6A98EE007D1635 /* BWExpressAddAlertView.swift */,
				EEA503341ECF5758008499A6 /* BWScoreStatisticsAlertView.swift */,
				EE8831C71ED964F800E1F044 /* BWElectricityAlertView.swift */,
			);
			name = BWAlertView;
			sourceTree = "<group>";
		};
		EE3253021F248B15008174A8 /* Curriculum */ = {
			isa = PBXGroup;
			children = (
				EE3253031F248B5C008174A8 /* BWTimetableViewController.swift */,
				EE3253051F248DD5008174A8 /* BWCourseDetailsViewController.swift */,
			);
			path = Curriculum;
			sourceTree = "<group>";
		};
		EE62FF761ED086C4000A2B4C /* Square */ = {
			isa = PBXGroup;
			children = (
				EEFB24261E09307D0071009C /* BWSquareTableViewController.swift */,
				EE042FD91E2DDCE80076A6CD /* BWBannerWebViewController.swift */,
				EE3253021F248B15008174A8 /* Curriculum */,
				EE62FF851ED08939000A2B4C /* gradeExamination */,
				EE62FF841ED08910000A2B4C /* Library */,
				EE62FF831ED088FA000A2B4C /* Electricity */,
				EE62FF811ED088D4000A2B4C /* Attendance */,
				EE62FF801ED08891000A2B4C /* SituationAndPolicy */,
				EE62FF7F1ED08884000A2B4C /* Exam */,
				EE62FF7E1ED0880A000A2B4C /* Score */,
				EE62FF7D1ED087FC000A2B4C /* Calendar */,
				EE62FF7C1ED087E4000A2B4C /* FleaMarket */,
				EE62FF7B1ED087CC000A2B4C /* LostAndFound */,
				EE62FF7A1ED0879F000A2B4C /* Express */,
			);
			name = Square;
			sourceTree = "<group>";
		};
		EE62FF771ED086D4000A2B4C /* Main */ = {
			isa = PBXGroup;
			children = (
				038AA2201DCF7484003CF0A3 /* BWMainViewController.swift */,
				EE8FA81A1DDC2A2000E0B262 /* BWSearchResultViewController.swift */,
			);
			name = Main;
			sourceTree = "<group>";
		};
		EE62FF781ED086DD000A2B4C /* Message */ = {
			isa = PBXGroup;
			children = (
				036D887E1DFBFA5B0086C9E3 /* BWMessageListViewController.swift */,
				0347F8BD1E013CEB004CE074 /* BWConversationViewController.swift */,
			);
			name = Message;
			sourceTree = "<group>";
		};
		EE62FF791ED086EB000A2B4C /* Me */ = {
			isa = PBXGroup;
			children = (
				03B6713E1DCF85D700CA135A /* BWUserCenterTableViewController.swift */,
				03EB8BC41E0118EC00894495 /* BWSettingTableViewController.swift */,
				EE2EE6A11F937D280015CE93 /* BWUserCenterViewController.swift */,
			);
			name = Me;
			sourceTree = "<group>";
		};
		EE62FF7A1ED0879F000A2B4C /* Express */ = {
			isa = PBXGroup;
			children = (
				EECA872E1E333BB90086452A /* BWExpressInfoTableViewController.swift */,
				EE41A1A11E10BF90001AEE77 /* BWExpressViewController.swift */,
			);
			name = Express;
			sourceTree = "<group>";
		};
		EE62FF7B1ED087CC000A2B4C /* LostAndFound */ = {
			isa = PBXGroup;
			children = (
				EE08DB2E1E88F5C9006CEB76 /* BWLostAndFoundViewController.swift */,
				EE12C5571EAA23B200555AA1 /* BWAddLostAndFoundInfoViewController.swift */,
			);
			name = LostAndFound;
			sourceTree = "<group>";
		};
		EE62FF7C1ED087E4000A2B4C /* FleaMarket */ = {
			isa = PBXGroup;
			children = (
				EE764D7B1EC8422B00720DE3 /* BWFleaMarketViewController.swift */,
				EEC121521ECB4EA300217804 /* BWFleaMarketInfoViewController.swift */,
				EE855ADA1ECDF7F600C48BA8 /* BWAddFleaMarketViewController.swift */,
			);
			name = FleaMarket;
			sourceTree = "<group>";
		};
		EE62FF7D1ED087FC000A2B4C /* Calendar */ = {
			isa = PBXGroup;
			children = (
				EE1C048A1EC0AB70001D5689 /* BWCalendarViewController.swift */,
			);
			name = Calendar;
			sourceTree = "<group>";
		};
		EE62FF7E1ED0880A000A2B4C /* Score */ = {
			isa = PBXGroup;
			children = (
				EE5D3A1B1ECE8F50007976EC /* BWScoreSearchingViewController.swift */,
			);
			name = Score;
			sourceTree = "<group>";
		};
		EE62FF7F1ED08884000A2B4C /* Exam */ = {
			isa = PBXGroup;
			children = (
				EE62FF861ED08F07000A2B4C /* BWExaminationSearchingViewController.swift */,
			);
			name = Exam;
			sourceTree = "<group>";
		};
		EE62FF801ED08891000A2B4C /* SituationAndPolicy */ = {
			isa = PBXGroup;
			children = (
				EE62FF8C1ED1EA68000A2B4C /* BWSituationAndPolicyViewController.swift */,
				EE33794A1ED2D3A000962191 /* BWSituationAndPolicyDetailViewController.swift */,
			);
			name = SituationAndPolicy;
			sourceTree = "<group>";
		};
		EE62FF811ED088D4000A2B4C /* Attendance */ = {
			isa = PBXGroup;
			children = (
				EE8831C31ED5547F00E1F044 /* BWAttendanceViewController.swift */,
			);
			name = Attendance;
			sourceTree = "<group>";
		};
		EE62FF831ED088FA000A2B4C /* Electricity */ = {
			isa = PBXGroup;
			children = (
				EE8831C51ED67DE000E1F044 /* BWElectricityViewController.swift */,
			);
			name = Electricity;
			sourceTree = "<group>";
		};
		EE62FF841ED08910000A2B4C /* Library */ = {
			isa = PBXGroup;
			children = (
				EE8831C91ED9D89600E1F044 /* BWLibraryViewController.swift */,
			);
			name = Library;
			sourceTree = "<group>";
		};
		EE62FF851ED08939000A2B4C /* gradeExamination */ = {
			isa = PBXGroup;
			children = (
				EE8831CB1ED9D8D000E1F044 /* BWGradeExaminationViewController.swift */,
			);
			name = gradeExamination;
			sourceTree = "<group>";
		};
		EE722AF21EB23DAD00EF7D98 /* BWButtons */ = {
			isa = PBXGroup;
			children = (
				EE722AF31EB23DE800EF7D98 /* BWAlbumImageCompleteButton.swift */,
			);
			name = BWButtons;
			sourceTree = "<group>";
		};
		EE764D7D1EC8511600720DE3 /* BWCollectionViewCells */ = {
			isa = PBXGroup;
			children = (
				EE722AF01EB23DA000EF7D98 /* BWAlbumImageCollectionViewCell.swift */,
				EE722AE61EB19CFD00EF7D98 /* BWAddPhotoCollectionViewCell.swift */,
				EEDF9FE61EA8A16F00DCACA4 /* BWImageCollectionViewCell.swift */,
				EEDF9FE71EA8A16F00DCACA4 /* BWImageCollectionViewCell.xib */,
				EEDF9FEA1EA8A1E600DCACA4 /* BWImagePreviewCollectionViewCell.swift */,
				EE764D7E1EC8516100720DE3 /* BWFleaMarketCollectionViewCell.swift */,
				EE764D7F1EC8516100720DE3 /* BWFleaMarketCollectionViewCell.xib */,
				EE32530D1F249CB2008174A8 /* BWCurriculumDateCollectionViewCell.swift */,
				EE32530E1F249CB2008174A8 /* BWCurriculumDateCollectionViewCell.xib */,
				EE3253111F249CC5008174A8 /* BWCurriculumCourseCollectionViewCell.swift */,
				EE3253121F249CC5008174A8 /* BWCurriculumCourseCollectionViewCell.xib */,
			);
			name = BWCollectionViewCells;
			sourceTree = "<group>";
		};
		EEDF9FE11EA8618100DCACA4 /* BWTableViewCells */ = {
			isa = PBXGroup;
			children = (
				EECA87381E345F1A0086452A /* BWIntroductionTableViewCell.swift */,
				EECA87391E345F1A0086452A /* BWIntroductionTableViewCell.xib */,
				EECA872A1E32F6170086452A /* BWCardTableViewCell.swift */,
				EECA872B1E32F6170086452A /* BWCardTableViewCell.xib */,
				EEDF9FEC1EA8A2E600DCACA4 /* BWLostAndFoundInfoTableViewCell.swift */,
				EEDF9FED1EA8A2E600DCACA4 /* BWLostAndFoundInfoTableViewCell.xib */,
				EE5652951EAB36B000C4A770 /* BWTextFieldTableViewCell.swift */,
				EE722AE41EB1983E00EF7D98 /* BWAddPhotoTableViewCell.swift */,
				EE722AEE1EB23D7E00EF7D98 /* BWAlbumImagePickerTableViewCell.swift */,
				EE2A98511EBB370E000ED972 /* BWTextViewTableViewCell.swift */,
				EE9E55511EC4A84000F93B2F /* BWSingleLostAndFoundTableViewCell.swift */,
				EE9E55521EC4A84000F93B2F /* BWSingleLostAndFoundTableViewCell.xib */,
				EE855AD21ECC276A00C48BA8 /* BWFleaMarketInfoTableViewCell.swift */,
				EE855AD31ECC276A00C48BA8 /* BWFleaMarketInfoTableViewCell.xib */,
				EE2BF4A01ECF3AE6002FF242 /* BWScoreTableViewCell.swift */,
				EE2BF4A11ECF3AE6002FF242 /* BWScoreTableViewCell.xib */,
				EE62FF881ED0A0C8000A2B4C /* BWExamTableViewCell.swift */,
				EE62FF891ED0A0C8000A2B4C /* BWExamTableViewCell.xib */,
				EE3379461ED2BFF600962191 /* BWSituationAndPolicyTableViewCell.swift */,
				EE3379471ED2BFF600962191 /* BWSituationAndPolicyTableViewCell.xib */,
				EEC1C5861EDBCEC800DE7B86 /* BWGradeExaminationTableViewCell.swift */,
				EEC1C5871EDBCEC800DE7B86 /* BWGradeExaminationTableViewCell.xib */,
			);
			name = BWTableViewCells;
			sourceTree = "<group>";
		};
/* End PBXGroup section */

/* Begin PBXNativeTarget section */
		032869061DC5F14A00B549A9 /* BestWay */ = {
			isa = PBXNativeTarget;
			buildConfigurationList = 032869191DC5F14A00B549A9 /* Build configuration list for PBXNativeTarget "BestWay" */;
			buildPhases = (
				8F241F750183E5D8F4FF00A7 /* [CP] Check Pods Manifest.lock */,
				032869031DC5F14A00B549A9 /* Sources */,
				032869041DC5F14A00B549A9 /* Frameworks */,
				032869051DC5F14A00B549A9 /* Resources */,
				880A746C0F7F85CF18F3925E /* [CP] Embed Pods Frameworks */,
				AF009B2DE15C21F983DF6F05 /* [CP] Copy Pods Resources */,
			);
			buildRules = (
			);
			dependencies = (
			);
			name = BestWay;
			productName = BestWay;
			productReference = 032869071DC5F14A00B549A9 /* BestWay.app */;
			productType = "com.apple.product-type.application";
		};
/* End PBXNativeTarget section */

/* Begin PBXProject section */
		032868FF1DC5F14A00B549A9 /* Project object */ = {
			isa = PBXProject;
			attributes = {
				LastSwiftUpdateCheck = 0810;
				LastUpgradeCheck = 0810;
				ORGANIZATIONNAME = PigVillageStudio;
				TargetAttributes = {
					032869061DC5F14A00B549A9 = {
						CreatedOnToolsVersion = 8.1;
						DevelopmentTeam = 9FGM9KV2LS;
						LastSwiftMigration = 0810;
						ProvisioningStyle = Automatic;
						SystemCapabilities = {
							com.apple.Push = {
								enabled = 1;
							};
						};
					};
				};
			};
			buildConfigurationList = 032869021DC5F14A00B549A9 /* Build configuration list for PBXProject "BestWay" */;
			compatibilityVersion = "Xcode 3.2";
			developmentRegion = English;
			hasScannedForEncodings = 0;
			knownRegions = (
				en,
				Base,
			);
			mainGroup = 032868FE1DC5F14A00B549A9;
			productRefGroup = 032869081DC5F14A00B549A9 /* Products */;
			projectDirPath = "";
			projectRoot = "";
			targets = (
				032869061DC5F14A00B549A9 /* BestWay */,
			);
		};
/* End PBXProject section */

/* Begin PBXResourcesBuildPhase section */
		032869051DC5F14A00B549A9 /* Resources */ = {
			isa = PBXResourcesBuildPhase;
			buildActionMask = 2147483647;
			files = (
				03052FFE1F6998C600A5CE0B /* BestWay.db in Resources */,
				EE8FA81D1DDC3D1100E0B262 /* Main.storyboard in Resources */,
				032869151DC5F14A00B549A9 /* LaunchScreen.storyboard in Resources */,
				EE855AD51ECC276A00C48BA8 /* BWFleaMarketInfoTableViewCell.xib in Resources */,
				EE9E55541EC4A84000F93B2F /* BWSingleLostAndFoundTableViewCell.xib in Resources */,
				EE3253101F249CB2008174A8 /* BWCurriculumDateCollectionViewCell.xib in Resources */,
				EE764D811EC8516100720DE3 /* BWFleaMarketCollectionViewCell.xib in Resources */,
				EE3379491ED2BFF600962191 /* BWSituationAndPolicyTableViewCell.xib in Resources */,
				EE3253141F249CC5008174A8 /* BWCurriculumCourseCollectionViewCell.xib in Resources */,
				EECA872D1E32F6170086452A /* BWCardTableViewCell.xib in Resources */,
				EE042FDE1E2E01E20076A6CD /* BWBannerWebViewController.xib in Resources */,
				EE2BF4A31ECF3AE6002FF242 /* BWScoreTableViewCell.xib in Resources */,
				EEC1C5891EDBCEC800DE7B86 /* BWGradeExaminationTableViewCell.xib in Resources */,
				EE62FF8B1ED0A0C8000A2B4C /* BWExamTableViewCell.xib in Resources */,
				EEDF9FEF1EA8A2E600DCACA4 /* BWLostAndFoundInfoTableViewCell.xib in Resources */,
				EE722AF61EB23EAD00EF7D98 /* BWAlbumImagePicker.storyboard in Resources */,
				EECA873B1E345F1A0086452A /* BWIntroductionTableViewCell.xib in Resources */,
				03FB92321DCEDFA700C417BE /* Assets.xcassets in Resources */,
				EEDF9FE91EA8A16F00DCACA4 /* BWImageCollectionViewCell.xib in Resources */,
				EECA87371E345D3A0086452A /* BWExpressInfoTableViewController.xib in Resources */,
			);
			runOnlyForDeploymentPostprocessing = 0;
		};
/* End PBXResourcesBuildPhase section */

/* Begin PBXShellScriptBuildPhase section */
		880A746C0F7F85CF18F3925E /* [CP] Embed Pods Frameworks */ = {
			isa = PBXShellScriptBuildPhase;
			buildActionMask = 2147483647;
			files = (
			);
			inputPaths = (
			);
			name = "[CP] Embed Pods Frameworks";
			outputPaths = (
			);
			runOnlyForDeploymentPostprocessing = 0;
			shellPath = /bin/sh;
			shellScript = "\"${SRCROOT}/Pods/Target Support Files/Pods-BestWay/Pods-BestWay-frameworks.sh\"\n";
			showEnvVarsInLog = 0;
		};
		8F241F750183E5D8F4FF00A7 /* [CP] Check Pods Manifest.lock */ = {
			isa = PBXShellScriptBuildPhase;
			buildActionMask = 2147483647;
			files = (
			);
			inputPaths = (
			);
			name = "[CP] Check Pods Manifest.lock";
			outputPaths = (
			);
			runOnlyForDeploymentPostprocessing = 0;
			shellPath = /bin/sh;
			shellScript = "diff \"${PODS_ROOT}/../Podfile.lock\" \"${PODS_ROOT}/Manifest.lock\" > /dev/null\nif [ $? != 0 ] ; then\n    # print error to STDERR\n    echo \"error: The sandbox is not in sync with the Podfile.lock. Run 'pod install' or update your CocoaPods installation.\" >&2\n    exit 1\nfi\n";
			showEnvVarsInLog = 0;
		};
		AF009B2DE15C21F983DF6F05 /* [CP] Copy Pods Resources */ = {
			isa = PBXShellScriptBuildPhase;
			buildActionMask = 2147483647;
			files = (
			);
			inputPaths = (
			);
			name = "[CP] Copy Pods Resources";
			outputPaths = (
			);
			runOnlyForDeploymentPostprocessing = 0;
			shellPath = /bin/sh;
			shellScript = "\"${SRCROOT}/Pods/Target Support Files/Pods-BestWay/Pods-BestWay-resources.sh\"\n";
			showEnvVarsInLog = 0;
		};
/* End PBXShellScriptBuildPhase section */

/* Begin PBXSourcesBuildPhase section */
		032869031DC5F14A00B549A9 /* Sources */ = {
			isa = PBXSourcesBuildPhase;
			buildActionMask = 2147483647;
			files = (
				033843551E68656B002F8FF3 /* BWStationAnnotation.swift in Sources */,
				EE3253131F249CC5008174A8 /* BWCurriculumCourseCollectionViewCell.swift in Sources */,
				EE722AEF1EB23D7E00EF7D98 /* BWAlbumImagePickerTableViewCell.swift in Sources */,
				EE1C04891EBF7629001D5689 /* BWAddReportEvidenceViewController.swift in Sources */,
				03373E741DCCB324004D5B2E /* BWApiurl.swift in Sources */,
				EEDF9FF11EA8AEFA00DCACA4 /* BWImagePreviewViewController.swift in Sources */,
				EEDF9FE81EA8A16F00DCACA4 /* BWImageCollectionViewCell.swift in Sources */,
				EE1C048D1EC152E0001D5689 /* BWUserViewController.swift in Sources */,
				EEDF9FEE1EA8A2E600DCACA4 /* BWLostAndFoundInfoTableViewCell.swift in Sources */,
				EECA872C1E32F6170086452A /* BWCardTableViewCell.swift in Sources */,
				EEDF46301E31057B0004D2C1 /* UIImage+Custom.swift in Sources */,
				EECA87301E333BB90086452A /* BWExpressInfoTableViewController.swift in Sources */,
				03EB8BC51E0118EC00894495 /* BWSettingTableViewController.swift in Sources */,
				EE23AC3B1F30A2DC00343310 /* BWDatabaseOperations.swift in Sources */,
				EEE6EA901E77C94100594C13 /* UIColor+Custom.swift in Sources */,
				0328690D1DC5F14A00B549A9 /* BWLoginViewController.swift in Sources */,
				03405A1D1DF933EF00289442 /* BWUser.swift in Sources */,
				EE08DB341E88F8DC006CEB76 /* BWSegmentPattern.swift in Sources */,
				EEFB24271E09307D0071009C /* BWSquareTableViewController.swift in Sources */,
				EE722AF11EB23DA000EF7D98 /* BWAlbumImageCollectionViewCell.swift in Sources */,
				EE2A98521EBB370E000ED972 /* BWTextViewTableViewCell.swift in Sources */,
				EE12C5581EAA23B200555AA1 /* BWAddLostAndFoundInfoViewController.swift in Sources */,
				031B28661DF2F29E0002B80D /* BWDateUtil.swift in Sources */,
				EE722AF41EB23DE800EF7D98 /* BWAlbumImageCompleteButton.swift in Sources */,
				EE2EE6A21F937D280015CE93 /* BWUserCenterViewController.swift in Sources */,
				EEE6EA921E77C99200594C13 /* BWExpressHelpAlertView.swift in Sources */,
				EE8831CC1ED9D8D000E1F044 /* BWGradeExaminationViewController.swift in Sources */,
				EE764D801EC8516100720DE3 /* BWFleaMarketCollectionViewCell.swift in Sources */,
				0328690B1DC5F14A00B549A9 /* AppDelegate.swift in Sources */,
				EE2A98541EBB790B000ED972 /* BWPlaceholderTextView.swift in Sources */,
				EE042FDB1E2DDCE80076A6CD /* BWBannerWebViewController.swift in Sources */,
				EE722AED1EB23D4700EF7D98 /* BWAlbumImageCollectionViewController.swift in Sources */,
				038AA2211DCF7484003CF0A3 /* BWMainViewController.swift in Sources */,
				EE764D7C1EC8422B00720DE3 /* BWFleaMarketViewController.swift in Sources */,
				EEC121531ECB4EA300217804 /* BWFleaMarketInfoViewController.swift in Sources */,
				EE722AE51EB1983E00EF7D98 /* BWAddPhotoTableViewCell.swift in Sources */,
				EE5652961EAB36B000C4A770 /* BWTextFieldTableViewCell.swift in Sources */,
				EE3379481ED2BFF600962191 /* BWSituationAndPolicyTableViewCell.swift in Sources */,
				EE8FA81B1DDC2A2000E0B262 /* BWSearchResultViewController.swift in Sources */,
				EE855AD41ECC276A00C48BA8 /* BWFleaMarketInfoTableViewCell.swift in Sources */,
				EE62FF871ED08F07000A2B4C /* BWExaminationSearchingViewController.swift in Sources */,
				EE08DB2F1E88F5C9006CEB76 /* BWLostAndFoundViewController.swift in Sources */,
				EE2BF4A21ECF3AE6002FF242 /* BWScoreTableViewCell.swift in Sources */,
				EE1C04871EBF312D001D5689 /* BWReportTableViewController.swift in Sources */,
				EE5D3A1C1ECE8F50007976EC /* BWScoreSearchingViewController.swift in Sources */,
				031B285E1DF2C00E0002B80D /* UIAlertController+Custom.swift in Sources */,
				EEA503351ECF5758008499A6 /* BWScoreStatisticsAlertView.swift in Sources */,
				EE855ADB1ECDF7F600C48BA8 /* BWAddFleaMarketViewController.swift in Sources */,
				EE8831C81ED964F800E1F044 /* BWElectricityAlertView.swift in Sources */,
				EE41A1A21E10BF90001AEE77 /* BWExpressViewController.swift in Sources */,
				EE8831CA1ED9D89600E1F044 /* BWLibraryViewController.swift in Sources */,
				031B28621DF2E5A20002B80D /* BWRequestUtil.swift in Sources */,
				EE3253041F248B5C008174A8 /* BWTimetableViewController.swift in Sources */,
				EECA873A1E345F1A0086452A /* BWIntroductionTableViewCell.swift in Sources */,
				033843581E686BB0002F8FF3 /* BWStationAnnotationView.swift in Sources */,
				EEDF9FEB1EA8A1E600DCACA4 /* BWImagePreviewCollectionViewCell.swift in Sources */,
				EE9E55531EC4A84000F93B2F /* BWSingleLostAndFoundTableViewCell.swift in Sources */,
				EE722AEB1EB23D2900EF7D98 /* BWAlbumImagePickerTableViewController.swift in Sources */,
				EE3253061F248DD5008174A8 /* BWCourseDetailsViewController.swift in Sources */,
				0347F8BE1E013CEB004CE074 /* BWConversationViewController.swift in Sources */,
				EE764D7A1EC6B39E00720DE3 /* BWSingleLostAndFoundViewController.swift in Sources */,
				EE722AE71EB19CFD00EF7D98 /* BWAddPhotoCollectionViewCell.swift in Sources */,
				EE33794B1ED2D3A000962191 /* BWSituationAndPolicyDetailViewController.swift in Sources */,
				EE62FF8A1ED0A0C8000A2B4C /* BWExamTableViewCell.swift in Sources */,
				EE32530F1F249CB2008174A8 /* BWCurriculumDateCollectionViewCell.swift in Sources */,
				031B28601DF2DB560002B80D /* BWImageUtil.swift in Sources */,
				EE13D7401E6A98EE007D1635 /* BWExpressAddAlertView.swift in Sources */,
				EE32530A1F249833008174A8 /* BWCourse.swift in Sources */,
				EE8831C41ED5547F00E1F044 /* BWAttendanceViewController.swift in Sources */,
				036D887F1DFBFA5B0086C9E3 /* BWMessageListViewController.swift in Sources */,
				EEC1C5881EDBCEC800DE7B86 /* BWGradeExaminationTableViewCell.swift in Sources */,
				EE8831C61ED67DE000E1F044 /* BWElectricityViewController.swift in Sources */,
				EE08DB321E88F8BD006CEB76 /* BWSegmentControl.swift in Sources */,
				03B6713F1DCF85D700CA135A /* BWUserCenterTableViewController.swift in Sources */,
				EE1C048B1EC0AB70001D5689 /* BWCalendarViewController.swift in Sources */,
				EE62FF8D1ED1EA68000A2B4C /* BWSituationAndPolicyViewController.swift in Sources */,
				EE13C9331E6BFC7A008E5289 /* BWDropBoxView.swift in Sources */,
				EE0637ED1E7BDCA900977756 /* BWStationCalloutView.swift in Sources */,
			);
			runOnlyForDeploymentPostprocessing = 0;
		};
/* End PBXSourcesBuildPhase section */

/* Begin PBXVariantGroup section */
		032869131DC5F14A00B549A9 /* LaunchScreen.storyboard */ = {
			isa = PBXVariantGroup;
			children = (
				032869141DC5F14A00B549A9 /* Base */,
			);
			name = LaunchScreen.storyboard;
			sourceTree = "<group>";
		};
/* End PBXVariantGroup section */

/* Begin XCBuildConfiguration section */
		032869171DC5F14A00B549A9 /* Debug */ = {
			isa = XCBuildConfiguration;
			buildSettings = {
				ALWAYS_SEARCH_USER_PATHS = NO;
				CLANG_ANALYZER_NONNULL = YES;
				CLANG_CXX_LANGUAGE_STANDARD = "gnu++0x";
				CLANG_CXX_LIBRARY = "libc++";
				CLANG_ENABLE_MODULES = YES;
				CLANG_ENABLE_OBJC_ARC = YES;
				CLANG_WARN_BOOL_CONVERSION = YES;
				CLANG_WARN_CONSTANT_CONVERSION = YES;
				CLANG_WARN_DIRECT_OBJC_ISA_USAGE = YES_ERROR;
				CLANG_WARN_DOCUMENTATION_COMMENTS = YES;
				CLANG_WARN_EMPTY_BODY = YES;
				CLANG_WARN_ENUM_CONVERSION = YES;
				CLANG_WARN_INFINITE_RECURSION = YES;
				CLANG_WARN_INT_CONVERSION = YES;
				CLANG_WARN_OBJC_ROOT_CLASS = YES_ERROR;
				CLANG_WARN_SUSPICIOUS_MOVE = YES;
				CLANG_WARN_SUSPICIOUS_MOVES = YES;
				CLANG_WARN_UNREACHABLE_CODE = YES;
				CLANG_WARN__DUPLICATE_METHOD_MATCH = YES;
				"CODE_SIGN_IDENTITY[sdk=iphoneos*]" = "iPhone Developer";
				COPY_PHASE_STRIP = NO;
				DEBUG_INFORMATION_FORMAT = dwarf;
				ENABLE_STRICT_OBJC_MSGSEND = YES;
				ENABLE_TESTABILITY = YES;
				GCC_C_LANGUAGE_STANDARD = gnu99;
				GCC_DYNAMIC_NO_PIC = NO;
				GCC_NO_COMMON_BLOCKS = YES;
				GCC_OPTIMIZATION_LEVEL = 0;
				GCC_PREPROCESSOR_DEFINITIONS = (
					"DEBUG=1",
					"$(inherited)",
				);
				GCC_WARN_64_TO_32_BIT_CONVERSION = YES;
				GCC_WARN_ABOUT_RETURN_TYPE = YES_ERROR;
				GCC_WARN_UNDECLARED_SELECTOR = YES;
				GCC_WARN_UNINITIALIZED_AUTOS = YES_AGGRESSIVE;
				GCC_WARN_UNUSED_FUNCTION = YES;
				GCC_WARN_UNUSED_VARIABLE = YES;
				IPHONEOS_DEPLOYMENT_TARGET = 10.1;
				MTL_ENABLE_DEBUG_INFO = YES;
				ONLY_ACTIVE_ARCH = YES;
				PROVISIONING_PROFILE = "459a4433-4b98-4e61-8100-79214fddfcb1";
				PROVISIONING_PROFILE_SPECIFIER = "";
				SDKROOT = iphoneos;
				SWIFT_ACTIVE_COMPILATION_CONDITIONS = DEBUG;
				SWIFT_OPTIMIZATION_LEVEL = "-Onone";
				TARGETED_DEVICE_FAMILY = "1,2";
			};
			name = Debug;
		};
		032869181DC5F14A00B549A9 /* Release */ = {
			isa = XCBuildConfiguration;
			buildSettings = {
				ALWAYS_SEARCH_USER_PATHS = NO;
				CLANG_ANALYZER_NONNULL = YES;
				CLANG_CXX_LANGUAGE_STANDARD = "gnu++0x";
				CLANG_CXX_LIBRARY = "libc++";
				CLANG_ENABLE_MODULES = YES;
				CLANG_ENABLE_OBJC_ARC = YES;
				CLANG_WARN_BOOL_CONVERSION = YES;
				CLANG_WARN_CONSTANT_CONVERSION = YES;
				CLANG_WARN_DIRECT_OBJC_ISA_USAGE = YES_ERROR;
				CLANG_WARN_DOCUMENTATION_COMMENTS = YES;
				CLANG_WARN_EMPTY_BODY = YES;
				CLANG_WARN_ENUM_CONVERSION = YES;
				CLANG_WARN_INFINITE_RECURSION = YES;
				CLANG_WARN_INT_CONVERSION = YES;
				CLANG_WARN_OBJC_ROOT_CLASS = YES_ERROR;
				CLANG_WARN_SUSPICIOUS_MOVE = YES;
				CLANG_WARN_SUSPICIOUS_MOVES = YES;
				CLANG_WARN_UNREACHABLE_CODE = YES;
				CLANG_WARN__DUPLICATE_METHOD_MATCH = YES;
				"CODE_SIGN_IDENTITY[sdk=iphoneos*]" = "iPhone Developer";
				COPY_PHASE_STRIP = NO;
				DEBUG_INFORMATION_FORMAT = "dwarf-with-dsym";
				ENABLE_NS_ASSERTIONS = NO;
				ENABLE_STRICT_OBJC_MSGSEND = YES;
				GCC_C_LANGUAGE_STANDARD = gnu99;
				GCC_NO_COMMON_BLOCKS = YES;
				GCC_WARN_64_TO_32_BIT_CONVERSION = YES;
				GCC_WARN_ABOUT_RETURN_TYPE = YES_ERROR;
				GCC_WARN_UNDECLARED_SELECTOR = YES;
				GCC_WARN_UNINITIALIZED_AUTOS = YES_AGGRESSIVE;
				GCC_WARN_UNUSED_FUNCTION = YES;
				GCC_WARN_UNUSED_VARIABLE = YES;
				IPHONEOS_DEPLOYMENT_TARGET = 10.1;
				MTL_ENABLE_DEBUG_INFO = NO;
				SDKROOT = iphoneos;
				SWIFT_OPTIMIZATION_LEVEL = "-Owholemodule";
				TARGETED_DEVICE_FAMILY = "1,2";
				VALIDATE_PRODUCT = YES;
			};
			name = Release;
		};
		0328691A1DC5F14A00B549A9 /* Debug */ = {
			isa = XCBuildConfiguration;
			baseConfigurationReference = CCF52D3713496DF4723F021B /* Pods-BestWay.debug.xcconfig */;
			buildSettings = {
				ALWAYS_EMBED_SWIFT_STANDARD_LIBRARIES = YES;
				ASSETCATALOG_COMPILER_APPICON_NAME = AppIcon;
				CODE_SIGN_ENTITLEMENTS = BestWay/BestWay.entitlements;
				"CODE_SIGN_IDENTITY[sdk=iphoneos*]" = "iPhone Developer";
				DEVELOPMENT_TEAM = 9FGM9KV2LS;
				INFOPLIST_FILE = BestWay/Info.plist;
				IPHONEOS_DEPLOYMENT_TARGET = 10.1;
				LD_RUNPATH_SEARCH_PATHS = "$(inherited) @executable_path/Frameworks";
				LIBRARY_SEARCH_PATHS = (
					"$(inherited)",
					"\"${PODS_ROOT}/RongCloudIMKit/Rong_Cloud_iOS_IMKit_SDK_v2_6_0_dev\"",
				);
				PRODUCT_BUNDLE_IDENTIFIER = com.bnuz.BestWay;
				PRODUCT_NAME = "$(TARGET_NAME)";
				PROVISIONING_PROFILE = "";
				PROVISIONING_PROFILE_SPECIFIER = "";
				SWIFT_OBJC_BRIDGING_HEADER = "BestWay-Bridging-Header.h";
				SWIFT_VERSION = 3.0;
				USER_HEADER_SEARCH_PATHS = "";
			};
			name = Debug;
		};
		0328691B1DC5F14A00B549A9 /* Release */ = {
			isa = XCBuildConfiguration;
			baseConfigurationReference = 850C14989A7493362A05437E /* Pods-BestWay.release.xcconfig */;
			buildSettings = {
				ALWAYS_EMBED_SWIFT_STANDARD_LIBRARIES = YES;
				ASSETCATALOG_COMPILER_APPICON_NAME = AppIcon;
				CODE_SIGN_ENTITLEMENTS = BestWay/BestWay.entitlements;
				"CODE_SIGN_IDENTITY[sdk=iphoneos*]" = "iPhone Developer";
				DEVELOPMENT_TEAM = 9FGM9KV2LS;
				INFOPLIST_FILE = BestWay/Info.plist;
				IPHONEOS_DEPLOYMENT_TARGET = 10.1;
				LD_RUNPATH_SEARCH_PATHS = "$(inherited) @executable_path/Frameworks";
				PRODUCT_BUNDLE_IDENTIFIER = com.bnuz.BestWay;
				PRODUCT_NAME = "$(TARGET_NAME)";
				PROVISIONING_PROFILE = "";
				PROVISIONING_PROFILE_SPECIFIER = "";
				SWIFT_OBJC_BRIDGING_HEADER = "BestWay-Bridging-Header.h";
				SWIFT_VERSION = 3.0;
			};
			name = Release;
		};
/* End XCBuildConfiguration section */

/* Begin XCConfigurationList section */
		032869021DC5F14A00B549A9 /* Build configuration list for PBXProject "BestWay" */ = {
			isa = XCConfigurationList;
			buildConfigurations = (
				032869171DC5F14A00B549A9 /* Debug */,
				032869181DC5F14A00B549A9 /* Release */,
			);
			defaultConfigurationIsVisible = 0;
			defaultConfigurationName = Release;
		};
		032869191DC5F14A00B549A9 /* Build configuration list for PBXNativeTarget "BestWay" */ = {
			isa = XCConfigurationList;
			buildConfigurations = (
				0328691A1DC5F14A00B549A9 /* Debug */,
				0328691B1DC5F14A00B549A9 /* Release */,
			);
			defaultConfigurationIsVisible = 0;
			defaultConfigurationName = Release;
		};
/* End XCConfigurationList section */
	};
	rootObject = 032868FF1DC5F14A00B549A9 /* Project object */;
}
